// !$*UTF8*$!
{
	archiveVersion = 1;
	classes = {
	};
	objectVersion = 39;
	objects = {
		0464AB0C006CD2EC7F000001 = {
			buildSettings = {
			};
			buildStyles = (
				05A162CE006CD5FC7F000001,
				05A162CF006CD5FC7F000001,
			);
			hasScannedForEncodings = 1;
			isa = PBXProject;
			knownRegions = (
				English,
				Japanese,
				French,
				German,
				Chinese,
				zh_CN,
				zh_TW,
				Korean,
			);
			mainGroup = 0464AB0D006CD2EC7F000001;
			productRefGroup = 0464AB32006CD2EC7F000001;
			projectDirPath = "";
			targets = (
				874206460564169600CFC3F1,
				874205EE0564168A00CFC3F1,
			);
		};
		0464AB0D006CD2EC7F000001 = {
			children = (
				0464AB0E006CD2EC7F000001,
				0464AB15006CD2EC7F000001,
				0464AB1F006CD2EC7F000001,
				0464AB22006CD2EC7F000001,
				0464AB27006CD2EC7F000001,
				0464AB2E006CD2EC7F000001,
				8750B974046717F40073D10E,
				0464AB32006CD2EC7F000001,
			);
			isa = PBXGroup;
			name = JTerminal;
			refType = 4;
			sourceTree = "<group>";
		};
		0464AB0E006CD2EC7F000001 = {
			children = (
				87D5C490043229390073D10E,
				DD4BAB7C0470C44C00A8A065,
				20D5CC6404E7AA0500000106,
				E8A66F030272453F03A80106,
				DDDB7ABD05D7736600E197C2,
				20E74F4904E9089700000106,
				20B8891A04E924CD00000106,
				20B88B6104E948FA00000106,
				20B8892B04E9342100000106,
				E8E901A202743CA303A80106,
				FB019DE103670C6501F955DB,
				FBD0AD0A0337A5B701F955DB,
				2076B15804E8817300000106,
				E8CF755F026DDA6303A80106,
				F52ED8DD037F0A7D01A8A066,
				F5E533B403B2959201A8A066,
				F5E533B303B2959201A8A066,
				E8CF7561026DDA6303A80106,
				E8CF7560026DDA6303A80106,
				F56B230B03A1B36701A8A066,
				E8CF7562026DDA6303A80106,
				E8CF7563026DDA6303A80106,
			);
			isa = PBXGroup;
			name = Classes;
			refType = 4;
			sourceTree = "<group>";
		};
		0464AB15006CD2EC7F000001 = {
			children = (
				872EBC5904E42E320073D10E,
				872EBC6B04E42E320073D10E,
				872EBC6804E42E320073D10E,
				872EBC6A04E42E320073D10E,
				20D5CC6304E7AA0500000106,
				872EBC6204E42E320073D10E,
				DDDB7AD605D773B400E197C2,
				20E74F4804E9089700000106,
				20B8891904E924CD00000106,
				20B88B6004E948FA00000106,
				20B8892A04E9342100000106,
				872EBC5304E42E320073D10E,
				872EBC6504E42E320073D10E,
				872EBC6C04E42E320073D10E,
				2076B15704E8817300000106,
				872EBC6004E42E320073D10E,
				872EBC6604E42E320073D10E,
				872EBC5704E42E320073D10E,
				872EBC5F04E42E320073D10E,
				872EBC5804E42E320073D10E,
				872EBC5404E42E320073D10E,
				872EBC5B04E42E320073D10E,
				872EBC5A04E42E320073D10E,
				872EBC6104E42E320073D10E,
			);
			isa = PBXGroup;
			name = Headers;
			refType = 4;
			sourceTree = "<group>";
		};
		0464AB1F006CD2EC7F000001 = {
			children = (
				E8CF757F026DDAD703A80106,
			);
			isa = PBXGroup;
			name = "Other Sources";
			refType = 4;
			sourceTree = "<group>";
		};
		0464AB22006CD2EC7F000001 = {
			children = (
				E813FB7D0297522703A80106,
				E813FB86029754BB03A80106,
				87D5C471043227820073D10E,
				870EAAB504325A880073D10E,
				870BCD83047070AC0073D10E,
				8723EDEC04EAADBB0073D10E,
				E8EDCE69015E0A5703000001,
				FBBB8B60039FC04E01F955DB,
				DD9C1AE2051F45C000A8A065,
				FB094A14033D58AE01F955DB,
				FB094A16033D58B601F955DB,
				FB754C5F036EFC5301F955DB,
				FB47BCC403686CAC01F955DB,
				FBB2EBCD040AC7C201F955DB,
				DD6ACB0204112FB700A8A065,
				DD6ACB0304112FB700A8A065,
				FB094A18033D58BD01F955DB,
				FB896717038D935801F955DB,
				8786A96E052CEC220073D10E,
				DD48F1C703EBB1C400A8A065,
				DD48F1CC03EBB20500A8A065,
				FB151F2903648AC401F955DB,
				DD57633005653C2E00F1905E,
				DD57633605653C5F00F1905E,
			);
			isa = PBXGroup;
			name = Interfaces;
			refType = 4;
			sourceTree = "<group>";
		};
		0464AB27006CD2EC7F000001 = {
			children = (
				FBDF6B63042A6B3101F955DB,
				F500A65D0395269C01A8A066,
				DD8CF2DD03CDD34B00A8A065,
			);
			isa = PBXGroup;
			name = "Supporting Files";
			refType = 4;
			sourceTree = "<group>";
		};
		0464AB2E006CD2EC7F000001 = {
			children = (
				0464AB2F006CD2EC7F000001,
				0464AB30006CD2EC7F000001,
			);
			isa = PBXGroup;
			name = "External Frameworks and Libraries";
			refType = 4;
			sourceTree = "<group>";
		};
		0464AB2F006CD2EC7F000001 = {
			fallbackIsa = PBXFileReference;
			isa = PBXFrameworkReference;
			lastKnownFileType = wrapper.framework;
			name = AppKit.framework;
			path = /System/Library/Frameworks/AppKit.framework;
			refType = 0;
			sourceTree = "<absolute>";
		};
		0464AB30006CD2EC7F000001 = {
			fallbackIsa = PBXFileReference;
			isa = PBXFrameworkReference;
			lastKnownFileType = wrapper.framework;
			name = Foundation.framework;
			path = /System/Library/Frameworks/Foundation.framework;
			refType = 0;
			sourceTree = "<absolute>";
		};
		0464AB32006CD2EC7F000001 = {
			children = (
				874206430564168A00CFC3F1,
				8742065A0564169600CFC3F1,
			);
			isa = PBXGroup;
			name = Products;
			refType = 4;
			sourceTree = "<group>";
		};
//040
//041
//042
//043
//044
//050
//051
//052
//053
//054
		05A162CE006CD5FC7F000001 = {
			buildRules = (
			);
			buildSettings = {
				COPY_PHASE_STRIP = NO;
				DEBUGGING_SYMBOLS = YES;
				GCC_DYNAMIC_NO_PIC = NO;
				GCC_ENABLE_FIX_AND_CONTINUE = YES;
				GCC_GENERATE_DEBUGGING_SYMBOLS = YES;
				GCC_OPTIMIZATION_LEVEL = 0;
				OPTIMIZATION_CFLAGS = "-O0";
				ZERO_LINK = YES;
			};
			isa = PBXBuildStyle;
			name = Development;
		};
		05A162CF006CD5FC7F000001 = {
			buildRules = (
			);
			buildSettings = {
				COPY_PHASE_STRIP = YES;
				GCC_ENABLE_FIX_AND_CONTINUE = NO;
				ZERO_LINK = NO;
			};
			isa = PBXBuildStyle;
			name = Deployment;
		};
//050
//051
//052
//053
//054
//200
//201
//202
//203
//204
		2076B15704E8817300000106 = {
			fileEncoding = 4;
			isa = PBXFileReference;
			lastKnownFileType = sourcecode.c.h;
			path = PTToolbarController.h;
			refType = 4;
			sourceTree = "<group>";
		};
		2076B15804E8817300000106 = {
			fileEncoding = 4;
			isa = PBXFileReference;
			lastKnownFileType = sourcecode.c.objc;
			path = PTToolbarController.m;
			refType = 4;
			sourceTree = "<group>";
		};
		20B8891904E924CD00000106 = {
			fileEncoding = 4;
			isa = PBXFileReference;
			lastKnownFileType = sourcecode.c.h;
			path = ITConfigPanelController.h;
			refType = 4;
			sourceTree = "<group>";
		};
		20B8891A04E924CD00000106 = {
			fileEncoding = 4;
			isa = PBXFileReference;
			lastKnownFileType = sourcecode.c.objc;
			path = ITConfigPanelController.m;
			refType = 4;
			sourceTree = "<group>";
		};
		20B8892A04E9342100000106 = {
			fileEncoding = 4;
			isa = PBXFileReference;
			lastKnownFileType = sourcecode.c.h;
			path = ITViewLocalizer.h;
			refType = 4;
			sourceTree = "<group>";
		};
		20B8892B04E9342100000106 = {
			fileEncoding = 4;
			isa = PBXFileReference;
			lastKnownFileType = sourcecode.c.objc;
			path = ITViewLocalizer.m;
			refType = 4;
			sourceTree = "<group>";
		};
		20B88B6004E948FA00000106 = {
			fileEncoding = 4;
			isa = PBXFileReference;
			lastKnownFileType = sourcecode.c.h;
			path = ITSessionMgr.h;
			refType = 4;
			sourceTree = "<group>";
		};
		20B88B6104E948FA00000106 = {
			fileEncoding = 4;
			isa = PBXFileReference;
			lastKnownFileType = sourcecode.c.objc;
			path = ITSessionMgr.m;
			refType = 4;
			sourceTree = "<group>";
		};
		20D5CC6304E7AA0500000106 = {
			fileEncoding = 4;
			isa = PBXFileReference;
			lastKnownFileType = sourcecode.c.h;
			path = iTermApplicationDelegate.h;
			refType = 4;
			sourceTree = "<group>";
		};
		20D5CC6404E7AA0500000106 = {
			fileEncoding = 4;
			isa = PBXFileReference;
			lastKnownFileType = sourcecode.c.objc;
			path = iTermApplicationDelegate.m;
			refType = 4;
			sourceTree = "<group>";
		};
		20E74F4804E9089700000106 = {
			fileEncoding = 4;
			isa = PBXFileReference;
			lastKnownFileType = sourcecode.c.h;
			path = ITAddressBookMgr.h;
			refType = 4;
			sourceTree = "<group>";
		};
		20E74F4904E9089700000106 = {
			fileEncoding = 4;
			isa = PBXFileReference;
			lastKnownFileType = sourcecode.c.objc;
			path = ITAddressBookMgr.m;
			refType = 4;
			sourceTree = "<group>";
		};
//200
//201
//202
//203
//204
//870
//871
//872
//873
//874
		870BCD83047070AC0073D10E = {
			children = (
				870BCD84047070AC0073D10E,
				870BCD86047071180073D10E,
				870BCD87047071260073D10E,
				870BCD88047071320073D10E,
				870BCD890470713F0073D10E,
				870BCD8A0470714A0073D10E,
				F61DBB390557A7A4005F354A,
			);
			isa = PBXVariantGroup;
			name = FindPanel.nib;
			path = "";
			refType = 4;
			sourceTree = "<group>";
		};
		870BCD84047070AC0073D10E = {
			isa = PBXFileReference;
			lastKnownFileType = wrapper.nib;
			name = English;
			path = English.lproj/FindPanel.nib;
			refType = 4;
			sourceTree = "<group>";
		};
		870BCD86047071180073D10E = {
			isa = PBXFileReference;
			lastKnownFileType = wrapper.nib;
			name = French;
			path = French.lproj/FindPanel.nib;
			refType = 4;
			sourceTree = "<group>";
		};
		870BCD87047071260073D10E = {
			isa = PBXFileReference;
			lastKnownFileType = wrapper.nib;
			name = Japanese;
			path = Japanese.lproj/FindPanel.nib;
			refType = 4;
			sourceTree = "<group>";
		};
		870BCD88047071320073D10E = {
			isa = PBXFileReference;
			lastKnownFileType = wrapper.nib;
			name = Korean;
			path = Korean.lproj/FindPanel.nib;
			refType = 4;
			sourceTree = "<group>";
		};
		870BCD890470713F0073D10E = {
			isa = PBXFileReference;
			lastKnownFileType = wrapper.nib;
			name = zh_CN;
			path = zh_CN.lproj/FindPanel.nib;
			refType = 4;
			sourceTree = "<group>";
		};
		870BCD8A0470714A0073D10E = {
			isa = PBXFileReference;
			lastKnownFileType = wrapper.nib;
			name = zh_TW;
			path = zh_TW.lproj/FindPanel.nib;
			refType = 4;
			sourceTree = "<group>";
		};
		870EAAB504325A880073D10E = {
			children = (
				870EAAB604325A880073D10E,
				876DBBC1043277AF0073D10E,
				876DBBC304327CC90073D10E,
				876DBBC5043281250073D10E,
				876DBBC7043284990073D10E,
				87898DDF0444F93C0073D10E,
				F61DBB380557A788005F354A,
			);
			isa = PBXVariantGroup;
			name = PreferencePanel.nib;
			path = "";
			refType = 4;
			sourceTree = "<group>";
		};
		870EAAB604325A880073D10E = {
			isa = PBXFileReference;
			lastKnownFileType = wrapper.nib;
			name = English;
			path = English.lproj/PreferencePanel.nib;
			refType = 4;
			sourceTree = "<group>";
		};
		8723EDEC04EAADBB0073D10E = {
			children = (
				8723EDED04EAADBB0073D10E,
				8723EDEF04EABBB40073D10E,
				8723EDF004EABD030073D10E,
				8723EDF104EABE1C0073D10E,
				8723EDF204EABF990073D10E,
				8723EDF304EAD4A00073D10E,
				F61DBB3A0557A7BA005F354A,
			);
			isa = PBXVariantGroup;
			name = ITConfigPanel.nib;
			path = "";
			refType = 4;
			sourceTree = "<group>";
		};
		8723EDED04EAADBB0073D10E = {
			isa = PBXFileReference;
			lastKnownFileType = wrapper.nib;
			name = English;
			path = English.lproj/ITConfigPanel.nib;
			refType = 4;
			sourceTree = "<group>";
		};
		8723EDEF04EABBB40073D10E = {
			isa = PBXFileReference;
			lastKnownFileType = wrapper.nib;
			name = French;
			path = French.lproj/ITConfigPanel.nib;
			refType = 4;
			sourceTree = "<group>";
		};
		8723EDF004EABD030073D10E = {
			isa = PBXFileReference;
			lastKnownFileType = wrapper.nib;
			name = Japanese;
			path = Japanese.lproj/ITConfigPanel.nib;
			refType = 4;
			sourceTree = "<group>";
		};
		8723EDF104EABE1C0073D10E = {
			isa = PBXFileReference;
			lastKnownFileType = wrapper.nib;
			name = Korean;
			path = Korean.lproj/ITConfigPanel.nib;
			refType = 4;
			sourceTree = "<group>";
		};
		8723EDF204EABF990073D10E = {
			isa = PBXFileReference;
			lastKnownFileType = wrapper.nib;
			name = zh_CN;
			path = zh_CN.lproj/ITConfigPanel.nib;
			refType = 4;
			sourceTree = "<group>";
		};
		8723EDF304EAD4A00073D10E = {
			isa = PBXFileReference;
			lastKnownFileType = wrapper.nib;
			name = zh_TW;
			path = zh_TW.lproj/ITConfigPanel.nib;
			refType = 4;
			sourceTree = "<group>";
		};
		872EBC5304E42E320073D10E = {
			fileEncoding = 30;
			isa = PBXFileReference;
			lastKnownFileType = sourcecode.c.h;
			name = NSStringITerm.h;
			path = Headers/iTerm/NSStringITerm.h;
			refType = 4;
			sourceTree = "<group>";
		};
		872EBC5404E42E320073D10E = {
			fileEncoding = 30;
			isa = PBXFileReference;
			lastKnownFileType = sourcecode.c.h;
			name = PTYTextView.h;
			path = Headers/iTerm/PTYTextView.h;
			refType = 4;
			sourceTree = "<group>";
		};
		872EBC5704E42E320073D10E = {
			fileEncoding = 30;
			isa = PBXFileReference;
			lastKnownFileType = sourcecode.c.h;
			name = PTYTabView.h;
			path = Headers/iTerm/PTYTabView.h;
			refType = 4;
			sourceTree = "<group>";
		};
		872EBC5804E42E320073D10E = {
			fileEncoding = 30;
			isa = PBXFileReference;
			lastKnownFileType = sourcecode.c.h;
			name = PTYTask.h;
			path = Headers/iTerm/PTYTask.h;
			refType = 4;
			sourceTree = "<group>";
		};
		872EBC5904E42E320073D10E = {
			fileEncoding = 30;
			isa = PBXFileReference;
			lastKnownFileType = sourcecode.c.h;
			name = AddressBookWindowController.h;
			path = Headers/iTerm/AddressBookWindowController.h;
			refType = 4;
			sourceTree = "<group>";
		};
		872EBC5A04E42E320073D10E = {
			fileEncoding = 30;
			isa = PBXFileReference;
			lastKnownFileType = sourcecode.c.h;
			name = VT100Screen.h;
			path = Headers/iTerm/VT100Screen.h;
			refType = 4;
			sourceTree = "<group>";
		};
		872EBC5B04E42E320073D10E = {
			fileEncoding = 30;
			isa = PBXFileReference;
			lastKnownFileType = sourcecode.c.h;
			name = PTYWindow.h;
			path = Headers/iTerm/PTYWindow.h;
			refType = 4;
			sourceTree = "<group>";
		};
		872EBC5F04E42E320073D10E = {
			fileEncoding = 30;
			isa = PBXFileReference;
			lastKnownFileType = sourcecode.c.h;
			name = PTYTabViewItem.h;
			path = Headers/iTerm/PTYTabViewItem.h;
			refType = 4;
			sourceTree = "<group>";
		};
		872EBC6004E42E320073D10E = {
			fileEncoding = 30;
			isa = PBXFileReference;
			lastKnownFileType = sourcecode.c.h;
			name = PTYScrollView.h;
			path = Headers/iTerm/PTYScrollView.h;
			refType = 4;
			sourceTree = "<group>";
		};
		872EBC6104E42E320073D10E = {
			fileEncoding = 30;
			isa = PBXFileReference;
			lastKnownFileType = sourcecode.c.h;
			name = VT100Terminal.h;
			path = Headers/iTerm/VT100Terminal.h;
			refType = 4;
			sourceTree = "<group>";
		};
		872EBC6204E42E320073D10E = {
			fileEncoding = 30;
			isa = PBXFileReference;
			lastKnownFileType = sourcecode.c.h;
			name = iTermController.h;
			path = Headers/iTerm/iTermController.h;
			refType = 4;
			sourceTree = "<group>";
		};
		872EBC6504E42E320073D10E = {
			fileEncoding = 30;
			isa = PBXFileReference;
			lastKnownFileType = sourcecode.c.h;
			name = PreferencePanel.h;
			path = Headers/iTerm/PreferencePanel.h;
			refType = 4;
			sourceTree = "<group>";
		};
		872EBC6604E42E320073D10E = {
			fileEncoding = 30;
			isa = PBXFileReference;
			lastKnownFileType = sourcecode.c.h;
			name = PTYSession.h;
			path = Headers/iTerm/PTYSession.h;
			refType = 4;
			sourceTree = "<group>";
		};
		872EBC6804E42E320073D10E = {
			fileEncoding = 30;
			isa = PBXFileReference;
			lastKnownFileType = sourcecode.c.h;
			name = FindPanelWindowController.h;
			path = Headers/iTerm/FindPanelWindowController.h;
			refType = 4;
			sourceTree = "<group>";
		};
		872EBC6A04E42E320073D10E = {
			fileEncoding = 30;
			isa = PBXFileReference;
			lastKnownFileType = sourcecode.c.h;
			name = iTerm.h;
			path = Headers/iTerm/iTerm.h;
			refType = 4;
			sourceTree = "<group>";
		};
		872EBC6B04E42E320073D10E = {
			fileEncoding = 30;
			isa = PBXFileReference;
			lastKnownFileType = sourcecode.c.h;
			name = charmaps.h;
			path = Headers/iTerm/charmaps.h;
			refType = 4;
			sourceTree = "<group>";
		};
		872EBC6C04E42E320073D10E = {
			fileEncoding = 30;
			isa = PBXFileReference;
			lastKnownFileType = sourcecode.c.h;
			name = PseudoTerminal.h;
			path = Headers/iTerm/PseudoTerminal.h;
			refType = 4;
			sourceTree = "<group>";
		};
		874205EE0564168A00CFC3F1 = {
			buildPhases = (
				874205EF0564168A00CFC3F1,
				8742060B0564168A00CFC3F1,
				8742061F0564168A00CFC3F1,
				874206380564168A00CFC3F1,
				8742063B0564168A00CFC3F1,
				8742063C0564168A00CFC3F1,
			);
			buildRules = (
			);
			buildSettings = {
				DYLIB_COMPATIBILITY_VERSION = 1;
				DYLIB_CURRENT_VERSION = 1;
				FRAMEWORK_VERSION = A;
				GCC_GENERATE_DEBUGGING_SYMBOLS = NO;
				GCC_OPTIMIZATION_LEVEL = 3;
				GCC_WARN_FOUR_CHARACTER_CONSTANTS = NO;
				GCC_WARN_UNKNOWN_PRAGMAS = NO;
				INFOPLIST_FILE = iTerm_Framework.plist;
				INSTALL_PATH = "@executable_path/../Frameworks";
				JAVA_COMPILER_DEBUGGING_SYMBOLS = NO;
				OTHER_CFLAGS = "";
				OTHER_LDFLAGS = "-seg1addr 0x14000000";
				OTHER_LIBTOOL_FLAGS = "";
				OTHER_REZFLAGS = "";
				PRINCIPAL_CLASS = "";
				PRODUCT_NAME = iTerm;
				SECTORDER_FLAGS = "";
				WARNING_CFLAGS = "-Wmost";
				WRAPPER_EXTENSION = framework;
			};
			dependencies = (
			);
			isa = PBXNativeTarget;
			name = "iTerm Framework";
			productInstallPath = "@executable_path/../Frameworks";
			productName = "iTerm Framework";
			productReference = 874206430564168A00CFC3F1;
			productType = "com.apple.product-type.framework";
		};
		874205EF0564168A00CFC3F1 = {
			buildActionMask = 2147483647;
			files = (
				874205F00564168A00CFC3F1,
				874205F10564168A00CFC3F1,
				874205F30564168A00CFC3F1,
				874205F40564168A00CFC3F1,
				874205F50564168A00CFC3F1,
				874205F60564168A00CFC3F1,
				874205F70564168A00CFC3F1,
				874205F90564168A00CFC3F1,
				874205FA0564168A00CFC3F1,
				874205FB0564168A00CFC3F1,
				874205FC0564168A00CFC3F1,
				874205FE0564168A00CFC3F1,
				874205FF0564168A00CFC3F1,
				874206000564168A00CFC3F1,
				874206020564168A00CFC3F1,
				874206030564168A00CFC3F1,
				874206040564168A00CFC3F1,
				874206050564168A00CFC3F1,
				874206060564168A00CFC3F1,
				874206070564168A00CFC3F1,
				874206080564168A00CFC3F1,
				874206090564168A00CFC3F1,
				DDDB7AD705D773B400E197C2,
			);
			isa = PBXHeadersBuildPhase;
			runOnlyForDeploymentPostprocessing = 0;
		};
		874205F00564168A00CFC3F1 = {
			fileRef = 872EBC5304E42E320073D10E;
			isa = PBXBuildFile;
			settings = {
				ATTRIBUTES = (
					Public,
				);
			};
		};
		874205F10564168A00CFC3F1 = {
			fileRef = 872EBC5404E42E320073D10E;
			isa = PBXBuildFile;
			settings = {
				ATTRIBUTES = (
					Public,
				);
			};
		};
		874205F30564168A00CFC3F1 = {
			fileRef = 872EBC5704E42E320073D10E;
			isa = PBXBuildFile;
			settings = {
				ATTRIBUTES = (
					Public,
				);
			};
		};
		874205F40564168A00CFC3F1 = {
			fileRef = 872EBC5804E42E320073D10E;
			isa = PBXBuildFile;
			settings = {
				ATTRIBUTES = (
					Public,
				);
			};
		};
		874205F50564168A00CFC3F1 = {
			fileRef = 872EBC5904E42E320073D10E;
			isa = PBXBuildFile;
			settings = {
				ATTRIBUTES = (
					Public,
				);
			};
		};
		874205F60564168A00CFC3F1 = {
			fileRef = 872EBC5A04E42E320073D10E;
			isa = PBXBuildFile;
			settings = {
				ATTRIBUTES = (
					Public,
				);
			};
		};
		874205F70564168A00CFC3F1 = {
			fileRef = 872EBC5B04E42E320073D10E;
			isa = PBXBuildFile;
			settings = {
				ATTRIBUTES = (
					Public,
				);
			};
		};
		874205F90564168A00CFC3F1 = {
			fileRef = 872EBC5F04E42E320073D10E;
			isa = PBXBuildFile;
			settings = {
				ATTRIBUTES = (
					Public,
				);
			};
		};
		874205FA0564168A00CFC3F1 = {
			fileRef = 872EBC6004E42E320073D10E;
			isa = PBXBuildFile;
			settings = {
				ATTRIBUTES = (
					Public,
				);
			};
		};
		874205FB0564168A00CFC3F1 = {
			fileRef = 872EBC6104E42E320073D10E;
			isa = PBXBuildFile;
			settings = {
				ATTRIBUTES = (
					Public,
				);
			};
		};
		874205FC0564168A00CFC3F1 = {
			fileRef = 872EBC6204E42E320073D10E;
			isa = PBXBuildFile;
			settings = {
				ATTRIBUTES = (
					Public,
				);
			};
		};
		874205FE0564168A00CFC3F1 = {
			fileRef = 872EBC6504E42E320073D10E;
			isa = PBXBuildFile;
			settings = {
				ATTRIBUTES = (
					Public,
				);
			};
		};
		874205FF0564168A00CFC3F1 = {
			fileRef = 872EBC6604E42E320073D10E;
			isa = PBXBuildFile;
			settings = {
				ATTRIBUTES = (
					Public,
				);
			};
		};
		874206000564168A00CFC3F1 = {
			fileRef = 872EBC6804E42E320073D10E;
			isa = PBXBuildFile;
			settings = {
				ATTRIBUTES = (
					Public,
				);
			};
		};
		874206020564168A00CFC3F1 = {
			fileRef = 872EBC6A04E42E320073D10E;
			isa = PBXBuildFile;
			settings = {
				ATTRIBUTES = (
					Public,
				);
			};
		};
		874206030564168A00CFC3F1 = {
			fileRef = 872EBC6B04E42E320073D10E;
			isa = PBXBuildFile;
			settings = {
				ATTRIBUTES = (
					Public,
				);
			};
		};
		874206040564168A00CFC3F1 = {
			fileRef = 872EBC6C04E42E320073D10E;
			isa = PBXBuildFile;
			settings = {
				ATTRIBUTES = (
					Public,
				);
			};
		};
		874206050564168A00CFC3F1 = {
			fileRef = 2076B15704E8817300000106;
			isa = PBXBuildFile;
			settings = {
			};
		};
		874206060564168A00CFC3F1 = {
			fileRef = 20E74F4804E9089700000106;
			isa = PBXBuildFile;
			settings = {
				ATTRIBUTES = (
					Public,
				);
			};
		};
		874206070564168A00CFC3F1 = {
			fileRef = 20B8892A04E9342100000106;
			isa = PBXBuildFile;
			settings = {
			};
		};
		874206080564168A00CFC3F1 = {
			fileRef = 20B8891904E924CD00000106;
			isa = PBXBuildFile;
			settings = {
				ATTRIBUTES = (
					Public,
				);
			};
		};
		874206090564168A00CFC3F1 = {
			fileRef = 20B88B6004E948FA00000106;
			isa = PBXBuildFile;
			settings = {
			};
		};
		8742060B0564168A00CFC3F1 = {
			buildActionMask = 2147483647;
			files = (
				8742060C0564168A00CFC3F1,
				8742060D0564168A00CFC3F1,
				8742060E0564168A00CFC3F1,
				8742060F0564168A00CFC3F1,
				874206100564168A00CFC3F1,
				874206110564168A00CFC3F1,
				874206120564168A00CFC3F1,
				874206130564168A00CFC3F1,
				874206140564168A00CFC3F1,
				874206150564168A00CFC3F1,
				874206160564168A00CFC3F1,
				874206170564168A00CFC3F1,
				874206180564168A00CFC3F1,
				874206190564168A00CFC3F1,
				8742061A0564168A00CFC3F1,
				8742061B0564168A00CFC3F1,
				8742061C0564168A00CFC3F1,
				8742061D0564168A00CFC3F1,
				8742061E0564168A00CFC3F1,
				DD57633105653C2E00F1905E,
			);
			isa = PBXResourcesBuildPhase;
			runOnlyForDeploymentPostprocessing = 0;
		};
		8742060C0564168A00CFC3F1 = {
			fileRef = E813FB86029754BB03A80106;
			isa = PBXBuildFile;
			settings = {
			};
		};
		8742060D0564168A00CFC3F1 = {
			fileRef = FBBB8B60039FC04E01F955DB;
			isa = PBXBuildFile;
			settings = {
			};
		};
		8742060E0564168A00CFC3F1 = {
			fileRef = FB094A14033D58AE01F955DB;
			isa = PBXBuildFile;
			settings = {
			};
		};
		8742060F0564168A00CFC3F1 = {
			fileRef = FB094A16033D58B601F955DB;
			isa = PBXBuildFile;
			settings = {
			};
		};
		874206100564168A00CFC3F1 = {
			fileRef = FB754C5F036EFC5301F955DB;
			isa = PBXBuildFile;
			settings = {
			};
		};
		874206110564168A00CFC3F1 = {
			fileRef = FB47BCC403686CAC01F955DB;
			isa = PBXBuildFile;
			settings = {
			};
		};
		874206120564168A00CFC3F1 = {
			fileRef = FBB2EBCD040AC7C201F955DB;
			isa = PBXBuildFile;
			settings = {
			};
		};
		874206130564168A00CFC3F1 = {
			fileRef = DD6ACB0204112FB700A8A065;
			isa = PBXBuildFile;
			settings = {
			};
		};
		874206140564168A00CFC3F1 = {
			fileRef = DD6ACB0304112FB700A8A065;
			isa = PBXBuildFile;
			settings = {
			};
		};
		874206150564168A00CFC3F1 = {
			fileRef = FB094A18033D58BD01F955DB;
			isa = PBXBuildFile;
			settings = {
			};
		};
		874206160564168A00CFC3F1 = {
			fileRef = FB896717038D935801F955DB;
			isa = PBXBuildFile;
			settings = {
			};
		};
		874206170564168A00CFC3F1 = {
			fileRef = DD48F1C703EBB1C400A8A065;
			isa = PBXBuildFile;
			settings = {
			};
		};
		874206180564168A00CFC3F1 = {
			fileRef = DD48F1CC03EBB20500A8A065;
			isa = PBXBuildFile;
			settings = {
			};
		};
		874206190564168A00CFC3F1 = {
			fileRef = FB151F2903648AC401F955DB;
			isa = PBXBuildFile;
			settings = {
			};
		};
		8742061A0564168A00CFC3F1 = {
			fileRef = 87D5C471043227820073D10E;
			isa = PBXBuildFile;
			settings = {
			};
		};
		8742061B0564168A00CFC3F1 = {
			fileRef = 870EAAB504325A880073D10E;
			isa = PBXBuildFile;
			settings = {
			};
		};
		8742061C0564168A00CFC3F1 = {
			fileRef = 870BCD83047070AC0073D10E;
			isa = PBXBuildFile;
			settings = {
			};
		};
		8742061D0564168A00CFC3F1 = {
			fileRef = 8723EDEC04EAADBB0073D10E;
			isa = PBXBuildFile;
			settings = {
			};
		};
		8742061E0564168A00CFC3F1 = {
			fileRef = DD9C1AE2051F45C000A8A065;
			isa = PBXBuildFile;
			settings = {
			};
		};
		8742061F0564168A00CFC3F1 = {
			buildActionMask = 2147483647;
			files = (
				874206200564168A00CFC3F1,
				874206210564168A00CFC3F1,
				874206220564168A00CFC3F1,
				874206230564168A00CFC3F1,
				874206240564168A00CFC3F1,
				874206250564168A00CFC3F1,
				874206260564168A00CFC3F1,
				874206270564168A00CFC3F1,
				874206280564168A00CFC3F1,
				874206290564168A00CFC3F1,
				8742062A0564168A00CFC3F1,
				8742062B0564168A00CFC3F1,
				8742062C0564168A00CFC3F1,
				8742062D0564168A00CFC3F1,
				8742062E0564168A00CFC3F1,
				874206320564168A00CFC3F1,
				874206330564168A00CFC3F1,
				874206340564168A00CFC3F1,
				874206350564168A00CFC3F1,
				874206360564168A00CFC3F1,
				DDDB7ABF05D7736600E197C2,
			);
			isa = PBXSourcesBuildPhase;
			runOnlyForDeploymentPostprocessing = 0;
		};
		874206200564168A00CFC3F1 = {
			fileRef = FBD0AD0A0337A5B701F955DB;
			isa = PBXBuildFile;
			settings = {
			};
		};
		874206210564168A00CFC3F1 = {
			fileRef = E8CF755F026DDA6303A80106;
			isa = PBXBuildFile;
			settings = {
			};
		};
		874206220564168A00CFC3F1 = {
			fileRef = E8CF7561026DDA6303A80106;
			isa = PBXBuildFile;
			settings = {
			};
		};
		874206230564168A00CFC3F1 = {
			fileRef = E8CF7560026DDA6303A80106;
			isa = PBXBuildFile;
			settings = {
			};
		};
		874206240564168A00CFC3F1 = {
			fileRef = E8CF7562026DDA6303A80106;
			isa = PBXBuildFile;
			settings = {
			};
		};
		874206250564168A00CFC3F1 = {
			fileRef = E8CF7563026DDA6303A80106;
			isa = PBXBuildFile;
			settings = {
			};
		};
		874206260564168A00CFC3F1 = {
			fileRef = E8A66F030272453F03A80106;
			isa = PBXBuildFile;
			settings = {
			};
		};
		874206270564168A00CFC3F1 = {
			fileRef = E8E901A202743CA303A80106;
			isa = PBXBuildFile;
			settings = {
			};
		};
		874206280564168A00CFC3F1 = {
			fileRef = FB019DE103670C6501F955DB;
			isa = PBXBuildFile;
			settings = {
			};
		};
		874206290564168A00CFC3F1 = {
			fileRef = F52ED8DD037F0A7D01A8A066;
			isa = PBXBuildFile;
			settings = {
			};
		};
		8742062A0564168A00CFC3F1 = {
			fileRef = F5E533B403B2959201A8A066;
			isa = PBXBuildFile;
			settings = {
			};
		};
		8742062B0564168A00CFC3F1 = {
			fileRef = F5E533B303B2959201A8A066;
			isa = PBXBuildFile;
			settings = {
			};
		};
		8742062C0564168A00CFC3F1 = {
			fileRef = F56B230B03A1B36701A8A066;
			isa = PBXBuildFile;
			settings = {
			};
		};
		8742062D0564168A00CFC3F1 = {
			fileRef = 87D5C490043229390073D10E;
			isa = PBXBuildFile;
			settings = {
			};
		};
		8742062E0564168A00CFC3F1 = {
			fileRef = DD4BAB7C0470C44C00A8A065;
			isa = PBXBuildFile;
			settings = {
			};
		};
		874206320564168A00CFC3F1 = {
			fileRef = 2076B15804E8817300000106;
			isa = PBXBuildFile;
			settings = {
			};
		};
		874206330564168A00CFC3F1 = {
			fileRef = 20E74F4904E9089700000106;
			isa = PBXBuildFile;
			settings = {
			};
		};
		874206340564168A00CFC3F1 = {
			fileRef = 20B8892B04E9342100000106;
			isa = PBXBuildFile;
			settings = {
			};
		};
		874206350564168A00CFC3F1 = {
			fileRef = 20B8891A04E924CD00000106;
			isa = PBXBuildFile;
			settings = {
			};
		};
		874206360564168A00CFC3F1 = {
			fileRef = 20B88B6104E948FA00000106;
			isa = PBXBuildFile;
			settings = {
			};
		};
		874206380564168A00CFC3F1 = {
			buildActionMask = 2147483647;
			files = (
				874206390564168A00CFC3F1,
				8742063A0564168A00CFC3F1,
			);
			isa = PBXFrameworksBuildPhase;
			runOnlyForDeploymentPostprocessing = 0;
		};
		874206390564168A00CFC3F1 = {
			fileRef = 0464AB2F006CD2EC7F000001;
			isa = PBXBuildFile;
			settings = {
			};
		};
		8742063A0564168A00CFC3F1 = {
			fileRef = 0464AB30006CD2EC7F000001;
			isa = PBXBuildFile;
			settings = {
			};
		};
		8742063B0564168A00CFC3F1 = {
			buildActionMask = 2147483647;
			files = (
			);
			isa = PBXRezBuildPhase;
			runOnlyForDeploymentPostprocessing = 0;
		};
		8742063C0564168A00CFC3F1 = {
			buildActionMask = 2147483647;
			dstPath = Fonts;
			dstSubfolderSpec = 7;
			files = (
				8742063D0564168A00CFC3F1,
				8742063E0564168A00CFC3F1,
				8742063F0564168A00CFC3F1,
				874206400564168A00CFC3F1,
			);
			isa = PBXCopyFilesBuildPhase;
			runOnlyForDeploymentPostprocessing = 0;
		};
		8742063D0564168A00CFC3F1 = {
			fileRef = 8750B975046717F40073D10E;
			isa = PBXBuildFile;
			settings = {
			};
		};
		8742063E0564168A00CFC3F1 = {
			fileRef = 8750B976046717F40073D10E;
			isa = PBXBuildFile;
			settings = {
			};
		};
		8742063F0564168A00CFC3F1 = {
			fileRef = 8750B977046717F40073D10E;
			isa = PBXBuildFile;
			settings = {
			};
		};
		874206400564168A00CFC3F1 = {
			fileRef = 8750B978046717F40073D10E;
			isa = PBXBuildFile;
			settings = {
			};
		};
		874206430564168A00CFC3F1 = {
			explicitFileType = wrapper.framework;
			includeInIndex = 0;
			isa = PBXFileReference;
			path = iTerm.framework;
			refType = 3;
			sourceTree = BUILT_PRODUCTS_DIR;
		};
		874206460564169600CFC3F1 = {
			buildPhases = (
				874206480564169600CFC3F1,
				8742064A0564169600CFC3F1,
				8742064E0564169600CFC3F1,
				874206510564169600CFC3F1,
				874206550564169600CFC3F1,
				874206560564169600CFC3F1,
			);
			buildRules = (
			);
			buildSettings = {
				GCC_GENERATE_DEBUGGING_SYMBOLS = NO;
				GCC_OPTIMIZATION_LEVEL = 3;
				GCC_WARN_FOUR_CHARACTER_CONSTANTS = NO;
				GCC_WARN_UNKNOWN_PRAGMAS = NO;
				INFOPLIST_FILE = iTerm.plist;
				OTHER_LDFLAGS = "";
				OTHER_REZFLAGS = "";
				PRODUCT_NAME = iTerm;
				REZ_EXECUTABLE = YES;
				SECTORDER_FLAGS = "";
				WARNING_CFLAGS = "-Wall -Wmost";
				WRAPPER_EXTENSION = app;
			};
			dependencies = (
				8742069B056416D000CFC3F1,
			);
			isa = PBXNativeTarget;
			name = iTerm;
			productName = "JTerminal (Application)";
			productReference = 8742065A0564169600CFC3F1;
			productType = "com.apple.product-type.application";
		};
		874206480564169600CFC3F1 = {
			buildActionMask = 2147483647;
			files = (
				874206490564169600CFC3F1,
			);
			isa = PBXHeadersBuildPhase;
			runOnlyForDeploymentPostprocessing = 0;
		};
		874206490564169600CFC3F1 = {
			fileRef = 20D5CC6304E7AA0500000106;
			isa = PBXBuildFile;
			settings = {
			};
		};
		8742064A0564169600CFC3F1 = {
			buildActionMask = 2147483647;
			files = (
				8742064B0564169600CFC3F1,
				8742064C0564169600CFC3F1,
				8742064D0564169600CFC3F1,
				DD57633705653C5F00F1905E,
			);
			isa = PBXResourcesBuildPhase;
			runOnlyForDeploymentPostprocessing = 0;
		};
		8742064B0564169600CFC3F1 = {
			fileRef = E813FB7D0297522703A80106;
			isa = PBXBuildFile;
			settings = {
			};
		};
		8742064C0564169600CFC3F1 = {
			fileRef = DD8CF2DD03CDD34B00A8A065;
			isa = PBXBuildFile;
			settings = {
			};
		};
		8742064D0564169600CFC3F1 = {
			fileRef = E8EDCE69015E0A5703000001;
			isa = PBXBuildFile;
			settings = {
			};
		};
		8742064E0564169600CFC3F1 = {
			buildActionMask = 2147483647;
			files = (
				8742064F0564169600CFC3F1,
				874206500564169600CFC3F1,
			);
			isa = PBXSourcesBuildPhase;
			runOnlyForDeploymentPostprocessing = 0;
		};
		8742064F0564169600CFC3F1 = {
			fileRef = E8CF757F026DDAD703A80106;
			isa = PBXBuildFile;
			settings = {
			};
		};
		874206500564169600CFC3F1 = {
			fileRef = 20D5CC6404E7AA0500000106;
			isa = PBXBuildFile;
			settings = {
			};
		};
		874206510564169600CFC3F1 = {
			buildActionMask = 2147483647;
			files = (
				874206520564169600CFC3F1,
				874206530564169600CFC3F1,
				8742069E056416F600CFC3F1,
			);
			isa = PBXFrameworksBuildPhase;
			runOnlyForDeploymentPostprocessing = 0;
		};
		874206520564169600CFC3F1 = {
			fileRef = 0464AB30006CD2EC7F000001;
			isa = PBXBuildFile;
			settings = {
			};
		};
		874206530564169600CFC3F1 = {
			fileRef = 0464AB2F006CD2EC7F000001;
			isa = PBXBuildFile;
			settings = {
			};
		};
		874206550564169600CFC3F1 = {
			buildActionMask = 2147483647;
			files = (
			);
			isa = PBXRezBuildPhase;
			runOnlyForDeploymentPostprocessing = 0;
		};
		874206560564169600CFC3F1 = {
			buildActionMask = 12;
			dstPath = "";
			dstSubfolderSpec = 10;
			files = (
				8742069F0564170000CFC3F1,
			);
			isa = PBXCopyFilesBuildPhase;
			runOnlyForDeploymentPostprocessing = 0;
		};
		8742065A0564169600CFC3F1 = {
			explicitFileType = wrapper.application;
			includeInIndex = 0;
			isa = PBXFileReference;
			path = iTerm.app;
			refType = 3;
			sourceTree = BUILT_PRODUCTS_DIR;
		};
		8742069A056416D000CFC3F1 = {
			containerPortal = 0464AB0C006CD2EC7F000001;
			isa = PBXContainerItemProxy;
			proxyType = 1;
			remoteGlobalIDString = 874205EE0564168A00CFC3F1;
			remoteInfo = "iTerm Framework";
		};
		8742069B056416D000CFC3F1 = {
			isa = PBXTargetDependency;
			target = 874205EE0564168A00CFC3F1;
			targetProxy = 8742069A056416D000CFC3F1;
		};
		8742069E056416F600CFC3F1 = {
			fileRef = 874206430564168A00CFC3F1;
			isa = PBXBuildFile;
			settings = {
			};
		};
		8742069F0564170000CFC3F1 = {
			fileRef = 874206430564168A00CFC3F1;
			isa = PBXBuildFile;
			settings = {
			};
		};
		8750B974046717F40073D10E = {
			children = (
				8750B975046717F40073D10E,
				8750B976046717F40073D10E,
				8750B977046717F40073D10E,
				8750B978046717F40073D10E,
			);
			isa = PBXGroup;
			path = Fonts;
			refType = 4;
			sourceTree = "<group>";
		};
		8750B975046717F40073D10E = {
			isa = PBXFileReference;
			lastKnownFileType = file;
			path = FreeMono.ttf;
			refType = 4;
			sourceTree = "<group>";
		};
		8750B976046717F40073D10E = {
			isa = PBXFileReference;
			lastKnownFileType = file;
			path = FreeMonoBold.ttf;
			refType = 4;
			sourceTree = "<group>";
		};
		8750B977046717F40073D10E = {
			isa = PBXFileReference;
			lastKnownFileType = file;
			path = FreeMonoBoldOblique.ttf;
			refType = 4;
			sourceTree = "<group>";
		};
		8750B978046717F40073D10E = {
			isa = PBXFileReference;
			lastKnownFileType = file;
			path = FreeMonoOblique.ttf;
			refType = 4;
			sourceTree = "<group>";
		};
		876DBBC1043277AF0073D10E = {
			isa = PBXFileReference;
			lastKnownFileType = wrapper.nib;
			name = zh_CN;
			path = zh_CN.lproj/PreferencePanel.nib;
			refType = 4;
			sourceTree = "<group>";
		};
		876DBBC204327A170073D10E = {
			isa = PBXFileReference;
			lastKnownFileType = wrapper.nib;
			name = zh_CN;
			path = zh_CN.lproj/AddressBook.nib;
			refType = 4;
			sourceTree = "<group>";
		};
		876DBBC304327CC90073D10E = {
			isa = PBXFileReference;
			lastKnownFileType = wrapper.nib;
			name = zh_TW;
			path = zh_TW.lproj/PreferencePanel.nib;
			refType = 4;
			sourceTree = "<group>";
		};
		876DBBC404327E9D0073D10E = {
			isa = PBXFileReference;
			lastKnownFileType = wrapper.nib;
			name = zh_TW;
			path = zh_TW.lproj/AddressBook.nib;
			refType = 4;
			sourceTree = "<group>";
		};
		876DBBC5043281250073D10E = {
			isa = PBXFileReference;
			lastKnownFileType = wrapper.nib;
			name = Japanese;
			path = Japanese.lproj/PreferencePanel.nib;
			refType = 4;
			sourceTree = "<group>";
		};
		876DBBC6043282C80073D10E = {
			isa = PBXFileReference;
			lastKnownFileType = wrapper.nib;
			name = Japanese;
			path = Japanese.lproj/AddressBook.nib;
			refType = 4;
			sourceTree = "<group>";
		};
		876DBBC7043284990073D10E = {
			isa = PBXFileReference;
			lastKnownFileType = wrapper.nib;
			name = Korean;
			path = Korean.lproj/PreferencePanel.nib;
			refType = 4;
			sourceTree = "<group>";
		};
		876DBBC80432860A0073D10E = {
			isa = PBXFileReference;
			lastKnownFileType = wrapper.nib;
			name = Korean;
			path = Korean.lproj/AddressBook.nib;
			refType = 4;
			sourceTree = "<group>";
		};
		8786A96E052CEC220073D10E = {
			isa = PBXFileReference;
			lastKnownFileType = image.png;
			name = script.png;
			path = images/script.png;
			refType = 4;
			sourceTree = "<group>";
		};
		87898DDD0444F9070073D10E = {
			isa = PBXFileReference;
			lastKnownFileType = wrapper.nib;
			name = French;
			path = French.lproj/MainMenu.nib;
			refType = 4;
			sourceTree = "<group>";
		};
		87898DDE0444F92A0073D10E = {
			isa = PBXFileReference;
			lastKnownFileType = wrapper.nib;
			name = French;
			path = French.lproj/AddressBook.nib;
			refType = 4;
			sourceTree = "<group>";
		};
		87898DDF0444F93C0073D10E = {
			isa = PBXFileReference;
			lastKnownFileType = wrapper.nib;
			name = French;
			path = French.lproj/PreferencePanel.nib;
			refType = 4;
			sourceTree = "<group>";
		};
		87898DE00444F94E0073D10E = {
			isa = PBXFileReference;
			lastKnownFileType = wrapper.nib;
			name = French;
			path = French.lproj/PseudoTerminal.nib;
			refType = 4;
			sourceTree = "<group>";
		};
		87D5C471043227820073D10E = {
			children = (
				87D5C472043227820073D10E,
				876DBBC204327A170073D10E,
				876DBBC404327E9D0073D10E,
				876DBBC6043282C80073D10E,
				876DBBC80432860A0073D10E,
				87898DDE0444F92A0073D10E,
				F61DBB370557A773005F354A,
			);
			isa = PBXVariantGroup;
			name = AddressBook.nib;
			path = "";
			refType = 4;
			sourceTree = "<group>";
		};
		87D5C472043227820073D10E = {
			isa = PBXFileReference;
			lastKnownFileType = wrapper.nib;
			name = English;
			path = English.lproj/AddressBook.nib;
			refType = 4;
			sourceTree = "<group>";
		};
		87D5C490043229390073D10E = {
			fileEncoding = 4;
			isa = PBXFileReference;
			lastKnownFileType = sourcecode.c.objc;
			path = AddressBookWindowController.m;
			refType = 4;
			sourceTree = "<group>";
		};
//870
//871
//872
//873
//874
//DD0
//DD1
//DD2
//DD3
//DD4
		DD48F1C703EBB1C400A8A065 = {
			isa = PBXFileReference;
			lastKnownFileType = text.plist.xml;
			path = iTerm.scriptSuite;
			refType = 4;
			sourceTree = "<group>";
		};
		DD48F1CC03EBB20500A8A065 = {
			children = (
				DD48F1CD03EBB20500A8A065,
			);
			isa = PBXVariantGroup;
			name = iTerm.scriptTerminology;
			path = "";
			refType = 4;
			sourceTree = "<group>";
		};
		DD48F1CD03EBB20500A8A065 = {
			isa = PBXFileReference;
			lastKnownFileType = text.plist.xml;
			name = English;
			path = English.lproj/iTerm.scriptTerminology;
			refType = 4;
			sourceTree = "<group>";
		};
		DD4BAB7C0470C44C00A8A065 = {
			fileEncoding = 4;
			isa = PBXFileReference;
			lastKnownFileType = sourcecode.c.objc;
			path = FindPanelWindowController.m;
			refType = 4;
			sourceTree = "<group>";
		};
		DD57633005653C2E00F1905E = {
			fileEncoding = 30;
			isa = PBXFileReference;
			lastKnownFileType = text.plist;
			path = iTerm_Framework.plist;
			refType = 4;
			sourceTree = "<group>";
		};
		DD57633105653C2E00F1905E = {
			fileRef = DD57633005653C2E00F1905E;
			isa = PBXBuildFile;
			settings = {
			};
		};
		DD57633605653C5F00F1905E = {
			fileEncoding = 30;
			isa = PBXFileReference;
			lastKnownFileType = text.plist;
			path = iTerm.plist;
			refType = 4;
			sourceTree = "<group>";
		};
		DD57633705653C5F00F1905E = {
			fileRef = DD57633605653C5F00F1905E;
			isa = PBXBuildFile;
			settings = {
			};
		};
		DD6ACB0204112FB700A8A065 = {
			isa = PBXFileReference;
			lastKnownFileType = image.png;
			name = important_l.png;
			path = images/important_l.png;
			refType = 4;
			sourceTree = "<group>";
		};
		DD6ACB0304112FB700A8A065 = {
			isa = PBXFileReference;
			lastKnownFileType = image.png;
			name = important_r.png;
			path = images/important_r.png;
			refType = 4;
			sourceTree = "<group>";
		};
		DD8CF2DD03CDD34B00A8A065 = {
			children = (
				DD8CF2DE03CDD34C00A8A065,
			);
			isa = PBXVariantGroup;
			name = "iTerm Help";
			path = "";
			refType = 4;
			sourceTree = "<group>";
		};
		DD8CF2DE03CDD34C00A8A065 = {
			fallbackIsa = PBXFileReference;
			includeInIndex = 1;
			isa = PBXFolderReference;
			lastKnownFileType = folder;
			name = "iTerm Help";
			path = "English.lproj/iTerm Help";
			refType = 4;
			sourceTree = "<group>";
		};
		DD9C1AE2051F45C000A8A065 = {
			isa = PBXFileReference;
			lastKnownFileType = image.jpeg;
			name = "iTerm-Aqua.jpg";
			path = "images/iTerm-Aqua.jpg";
			refType = 4;
			sourceTree = "<group>";
		};
		DDDB7ABD05D7736600E197C2 = {
			fileEncoding = 4;
			isa = PBXFileReference;
			lastKnownFileType = sourcecode.c.objc;
			path = iTermKeyBindingMgr.m;
			refType = 4;
			sourceTree = "<group>";
		};
		DDDB7ABF05D7736600E197C2 = {
			fileRef = DDDB7ABD05D7736600E197C2;
			isa = PBXBuildFile;
			settings = {
			};
		};
		DDDB7AD605D773B400E197C2 = {
			fileEncoding = 30;
			isa = PBXFileReference;
			lastKnownFileType = sourcecode.c.h;
			name = iTermKeyBindingMgr.h;
			path = Headers/iTerm/iTermKeyBindingMgr.h;
			refType = 4;
			sourceTree = "<group>";
		};
		DDDB7AD705D773B400E197C2 = {
			fileRef = DDDB7AD605D773B400E197C2;
			isa = PBXBuildFile;
			settings = {
				ATTRIBUTES = (
					Public,
				);
			};
		};
		DDF28988047764E300A8A065 = {
			fileEncoding = 10;
			isa = PBXFileReference;
			lastKnownFileType = text.plist.strings;
			name = Korean;
			path = Korean.lproj/iTerm.strings;
			refType = 4;
			sourceTree = "<group>";
		};
//DD0
//DD1
//DD2
//DD3
//DD4
//E80
//E81
//E82
//E83
//E84
		E813FB7D0297522703A80106 = {
			children = (
				E813FB7E0297522703A80106,
				FBBB8B49039D9E6501F955DB,
				FBBB8B4A039D9E6D01F955DB,
				FB80352E03CA060201F955DB,
				FBDF6A55042795CE01F955DB,
				87898DDD0444F9070073D10E,
				F61DBB350557A72A005F354A,
			);
			isa = PBXVariantGroup;
			name = MainMenu.nib;
			path = "";
			refType = 4;
			sourceTree = "<group>";
		};
		E813FB7E0297522703A80106 = {
			isa = PBXFileReference;
			lastKnownFileType = wrapper.nib;
			name = English;
			path = English.lproj/MainMenu.nib;
			refType = 4;
			sourceTree = "<group>";
		};
		E813FB86029754BB03A80106 = {
			children = (
				E813FB87029754BB03A80106,
				FBBB8B4B039D9E7E01F955DB,
				FBBB8B4C039D9E8501F955DB,
				FB80352F03CA060A01F955DB,
				FBDF6A56042795EB01F955DB,
				87898DE00444F94E0073D10E,
				F61DBB360557A754005F354A,
			);
			isa = PBXVariantGroup;
			name = PseudoTerminal.nib;
			path = "";
			refType = 4;
			sourceTree = "<group>";
		};
		E813FB87029754BB03A80106 = {
			isa = PBXFileReference;
			lastKnownFileType = wrapper.nib;
			name = English;
			path = English.lproj/PseudoTerminal.nib;
			refType = 4;
			sourceTree = "<group>";
		};
		E8A66F030272453F03A80106 = {
			fileEncoding = 30;
			isa = PBXFileReference;
			lastKnownFileType = sourcecode.c.objc;
			path = iTermController.m;
			refType = 4;
			sourceTree = "<group>";
		};
		E8CF755F026DDA6303A80106 = {
			fileEncoding = 30;
			isa = PBXFileReference;
			lastKnownFileType = sourcecode.c.objc;
			path = PTYScrollView.m;
			refType = 4;
			sourceTree = "<group>";
		};
		E8CF7560026DDA6303A80106 = {
			fileEncoding = 30;
			isa = PBXFileReference;
			lastKnownFileType = sourcecode.c.objc;
			path = PTYTask.m;
			refType = 4;
			sourceTree = "<group>";
		};
		E8CF7561026DDA6303A80106 = {
			fileEncoding = 30;
			isa = PBXFileReference;
			lastKnownFileType = sourcecode.c.objc;
			path = PTYTextView.m;
			refType = 4;
			sourceTree = "<group>";
		};
		E8CF7562026DDA6303A80106 = {
			fileEncoding = 30;
			isa = PBXFileReference;
			lastKnownFileType = sourcecode.c.objc;
			path = VT100Screen.m;
			refType = 4;
			sourceTree = "<group>";
		};
		E8CF7563026DDA6303A80106 = {
			fileEncoding = 30;
			isa = PBXFileReference;
			lastKnownFileType = sourcecode.c.objc;
			path = VT100Terminal.m;
			refType = 4;
			sourceTree = "<group>";
		};
		E8CF757F026DDAD703A80106 = {
			fileEncoding = 30;
			isa = PBXFileReference;
			lastKnownFileType = sourcecode.c.objc;
			path = main.m;
			refType = 4;
			sourceTree = "<group>";
		};
		E8E901A202743CA303A80106 = {
			fileEncoding = 30;
			isa = PBXFileReference;
			lastKnownFileType = sourcecode.c.objc;
			path = NSStringITerm.m;
			refType = 4;
			sourceTree = "<group>";
		};
		E8EDCE69015E0A5703000001 = {
			isa = PBXFileReference;
			lastKnownFileType = image.icns;
			path = iTerm.icns;
			refType = 4;
			sourceTree = "<group>";
		};
//E80
//E81
//E82
//E83
//E84
//F50
//F51
//F52
//F53
//F54
		F500A65D0395269C01A8A066 = {
			fileEncoding = 30;
			isa = PBXFileReference;
			lastKnownFileType = text;
			path = Changelog;
			refType = 4;
			sourceTree = "<group>";
		};
		F52ED8DD037F0A7D01A8A066 = {
			fileEncoding = 30;
			isa = PBXFileReference;
			lastKnownFileType = sourcecode.c.objc;
			path = PTYSession.m;
			refType = 4;
			sourceTree = "<group>";
		};
		F56B230B03A1B36701A8A066 = {
			fileEncoding = 30;
			isa = PBXFileReference;
			lastKnownFileType = sourcecode.c.objc;
			path = PTYWindow.m;
			refType = 4;
			sourceTree = "<group>";
		};
		F5E533B303B2959201A8A066 = {
			fileEncoding = 30;
			isa = PBXFileReference;
			lastKnownFileType = sourcecode.c.objc;
			path = PTYTabViewItem.m;
			refType = 4;
			sourceTree = "<group>";
		};
		F5E533B403B2959201A8A066 = {
			fileEncoding = 30;
			isa = PBXFileReference;
			lastKnownFileType = sourcecode.c.objc;
			path = PTYTabView.m;
			refType = 4;
			sourceTree = "<group>";
		};
//F50
//F51
//F52
//F53
//F54
//F60
//F61
//F62
//F63
//F64
		F61DBB350557A72A005F354A = {
			isa = PBXFileReference;
			lastKnownFileType = wrapper.nib;
			name = German;
			path = German.lproj/MainMenu.nib;
			refType = 4;
			sourceTree = "<group>";
		};
		F61DBB360557A754005F354A = {
			isa = PBXFileReference;
			lastKnownFileType = wrapper.nib;
			name = German;
			path = German.lproj/PseudoTerminal.nib;
			refType = 4;
			sourceTree = "<group>";
		};
		F61DBB370557A773005F354A = {
			isa = PBXFileReference;
			lastKnownFileType = wrapper.nib;
			name = German;
			path = German.lproj/AddressBook.nib;
			refType = 4;
			sourceTree = "<group>";
		};
		F61DBB380557A788005F354A = {
			isa = PBXFileReference;
			lastKnownFileType = wrapper.nib;
			name = German;
			path = German.lproj/PreferencePanel.nib;
			refType = 4;
			sourceTree = "<group>";
		};
		F61DBB390557A7A4005F354A = {
			isa = PBXFileReference;
			lastKnownFileType = wrapper.nib;
			name = German;
			path = German.lproj/FindPanel.nib;
			refType = 4;
			sourceTree = "<group>";
		};
		F61DBB3A0557A7BA005F354A = {
			isa = PBXFileReference;
			lastKnownFileType = wrapper.nib;
			name = German;
			path = German.lproj/ITConfigPanel.nib;
			refType = 4;
			sourceTree = "<group>";
		};
		F61DBB3B0557A7D2005F354A = {
			isa = PBXFileReference;
			lastKnownFileType = text.plist.strings;
			name = German;
			path = German.lproj/iTerm.strings;
			refType = 4;
			sourceTree = "<group>";
		};
		F645F2B00557B868005F354A = {
			isa = PBXFileReference;
			lastKnownFileType = image.png;
			name = "iTerm-sinomac.png";
			path = "website/iTerm-sinomac.png";
			refType = 4;
			sourceTree = "<group>";
		};
		F64B59D405ED49B600FE8ACB = {
			fileEncoding = 4;
			isa = PBXFileReference;
			lastKnownFileType = text.html;
			name = sidebar.html;
			path = website/sidebar.html;
			refType = 4;
			sourceTree = "<group>";
		};
		F64B59F305ED4A0D00FE8ACB = {
			fileEncoding = 30;
			isa = PBXFileReference;
			lastKnownFileType = text.html;
			name = history.html;
			path = website/history.html;
			refType = 4;
			sourceTree = "<group>";
		};
		F64B59FA05ED4AA800FE8ACB = {
			fileEncoding = 4;
			isa = PBXFileReference;
			lastKnownFileType = text.html;
			name = header.html;
			path = website/header.html;
			refType = 4;
			sourceTree = "<group>";
		};
		F64B5A1705ED4AF000FE8ACB = {
			fileEncoding = 4;
			isa = PBXFileReference;
			lastKnownFileType = text.html;
			name = footer.html;
			path = website/footer.html;
			refType = 4;
			sourceTree = "<group>";
		};
		F64B5A4905ED5FCF00FE8ACB = {
			fileEncoding = 30;
			isa = PBXFileReference;
			lastKnownFileType = text.html;
			name = index.html;
			path = website/index.html;
			refType = 4;
			sourceTree = "<group>";
		};
		F6FAFD99050E90C300EA4EE7 = {
			isa = PBXFileReference;
			lastKnownFileType = image.png;
			name = contrib.png;
			path = website/contrib.png;
			refType = 4;
			sourceTree = "<group>";
		};
		F6FAFD9A050E90C300EA4EE7 = {
			isa = PBXFileReference;
			lastKnownFileType = image.png;
			name = "iTerm-orig.png";
			path = "website/iTerm-orig.png";
			refType = 4;
			sourceTree = "<group>";
		};
//F60
//F61
//F62
//F63
//F64
//FB0
//FB1
//FB2
//FB3
//FB4
		FB019DE103670C6501F955DB = {
			fileEncoding = 30;
			isa = PBXFileReference;
			lastKnownFileType = sourcecode.c.objc;
			path = PreferencePanel.m;
			refType = 4;
			sourceTree = "<group>";
		};
		FB01DCDE04433DFB01F955DB = {
			fileEncoding = 10;
			isa = PBXFileReference;
			lastKnownFileType = text.plist.strings;
			name = French;
			path = French.lproj/iTerm.strings;
			refType = 4;
			sourceTree = "<group>";
		};
		FB094A14033D58AE01F955DB = {
			isa = PBXFileReference;
			lastKnownFileType = image.png;
			name = addressbook.png;
			path = images/addressbook.png;
			refType = 4;
			sourceTree = "<group>";
		};
		FB094A16033D58B601F955DB = {
			isa = PBXFileReference;
			lastKnownFileType = image.png;
			name = close.png;
			path = images/close.png;
			refType = 4;
			sourceTree = "<group>";
		};
		FB094A18033D58BD01F955DB = {
			isa = PBXFileReference;
			lastKnownFileType = image.png;
			name = new.png;
			path = images/new.png;
			refType = 4;
			sourceTree = "<group>";
		};
		FB151F2603648AB401F955DB = {
			fileEncoding = 30;
			isa = PBXFileReference;
			lastKnownFileType = text.plist.strings;
			name = iTerm.strings;
			path = English.lproj/iTerm.strings;
			refType = 4;
			sourceTree = "<group>";
		};
		FB151F2903648AC401F955DB = {
			children = (
				FB151F2603648AB401F955DB,
				FBBB8B47039D9E1701F955DB,
				FBBB8B48039D9E1F01F955DB,
				FB80353003CA062601F955DB,
				DDF28988047764E300A8A065,
				FB01DCDE04433DFB01F955DB,
				F61DBB3B0557A7D2005F354A,
			);
			isa = PBXVariantGroup;
			name = iTerm.strings;
			refType = 4;
			sourceTree = "<group>";
		};
		FB47BCC403686CAC01F955DB = {
			isa = PBXFileReference;
			lastKnownFileType = image.png;
			name = exec.png;
			path = images/exec.png;
			refType = 4;
			sourceTree = "<group>";
		};
		FB754C5F036EFC5301F955DB = {
			isa = PBXFileReference;
			lastKnownFileType = image.png;
			name = config.png;
			path = images/config.png;
			refType = 4;
			sourceTree = "<group>";
		};
		FB80352E03CA060201F955DB = {
			isa = PBXFileReference;
			lastKnownFileType = wrapper.nib;
			name = Japanese;
			path = Japanese.lproj/MainMenu.nib;
			refType = 4;
			sourceTree = "<group>";
		};
		FB80352F03CA060A01F955DB = {
			isa = PBXFileReference;
			lastKnownFileType = wrapper.nib;
			name = Japanese;
			path = Japanese.lproj/PseudoTerminal.nib;
			refType = 4;
			sourceTree = "<group>";
		};
		FB80353003CA062601F955DB = {
			fileEncoding = 4;
			isa = PBXFileReference;
			lastKnownFileType = text.plist.strings;
			name = Japanese;
			path = Japanese.lproj/iTerm.strings;
			refType = 4;
			sourceTree = "<group>";
		};
		FB896717038D935801F955DB = {
			isa = PBXFileReference;
			lastKnownFileType = image.png;
			name = newwin.png;
			path = images/newwin.png;
			refType = 4;
			sourceTree = "<group>";
		};
		FBB2EBCD040AC7C201F955DB = {
			isa = PBXFileReference;
			lastKnownFileType = image.png;
			name = important.png;
			path = images/important.png;
			refType = 4;
			sourceTree = "<group>";
		};
		FBBB8B47039D9E1701F955DB = {
			fileEncoding = 10;
			isa = PBXFileReference;
			lastKnownFileType = text.plist.strings;
			name = zh_CN;
			path = zh_CN.lproj/iTerm.strings;
			refType = 4;
			sourceTree = "<group>";
		};
		FBBB8B48039D9E1F01F955DB = {
			fileEncoding = 10;
			isa = PBXFileReference;
			lastKnownFileType = text.plist.strings;
			name = zh_TW;
			path = zh_TW.lproj/iTerm.strings;
			refType = 4;
			sourceTree = "<group>";
		};
		FBBB8B49039D9E6501F955DB = {
			isa = PBXFileReference;
			lastKnownFileType = wrapper.nib;
			name = zh_CN;
			path = zh_CN.lproj/MainMenu.nib;
			refType = 4;
			sourceTree = "<group>";
		};
		FBBB8B4A039D9E6D01F955DB = {
			isa = PBXFileReference;
			lastKnownFileType = wrapper.nib;
			name = zh_TW;
			path = zh_TW.lproj/MainMenu.nib;
			refType = 4;
			sourceTree = "<group>";
		};
		FBBB8B4B039D9E7E01F955DB = {
			isa = PBXFileReference;
			lastKnownFileType = wrapper.nib;
			name = zh_CN;
			path = zh_CN.lproj/PseudoTerminal.nib;
			refType = 4;
			sourceTree = "<group>";
		};
		FBBB8B4C039D9E8501F955DB = {
			isa = PBXFileReference;
			lastKnownFileType = wrapper.nib;
			name = zh_TW;
			path = zh_TW.lproj/PseudoTerminal.nib;
			refType = 4;
			sourceTree = "<group>";
		};
		FBBB8B60039FC04E01F955DB = {
			isa = PBXFileReference;
			lastKnownFileType = image.png;
			name = iTerm.png;
			path = images/iTerm.png;
			refType = 4;
			sourceTree = "<group>";
		};
		FBD0AD0A0337A5B701F955DB = {
			fileEncoding = 4;
			isa = PBXFileReference;
			lastKnownFileType = sourcecode.c.objc;
			path = PseudoTerminal.m;
			refType = 4;
			sourceTree = "<group>";
		};
		FBDF6A55042795CE01F955DB = {
			isa = PBXFileReference;
			lastKnownFileType = wrapper.nib;
			name = Korean;
			path = Korean.lproj/MainMenu.nib;
			refType = 4;
			sourceTree = "<group>";
		};
		FBDF6A56042795EB01F955DB = {
			isa = PBXFileReference;
			lastKnownFileType = wrapper.nib;
			name = Korean;
			path = Korean.lproj/PseudoTerminal.nib;
			refType = 4;
			sourceTree = "<group>";
		};
		FBDF6B63042A6B3101F955DB = {
			children = (
				F64B59F305ED4A0D00FE8ACB,
				FBDF6B8F042A6BD801F955DB,
				F64B5A4905ED5FCF00FE8ACB,
				FBDF6B90042A6BD801F955DB,
				FBDF6B91042A6BD801F955DB,
				FBDF6B92042A6BD801F955DB,
				FBDF6B93042A6BD801F955DB,
				FBDF6B94042A6BD801F955DB,
				FBDF6B95042A6BD801F955DB,
				FBDF6B96042A6BD801F955DB,
				F6FAFD99050E90C300EA4EE7,
				F6FAFD9A050E90C300EA4EE7,
				F645F2B00557B868005F354A,
				FBDF6B97042A6BD801F955DB,
				FBDF6B98042A6BD801F955DB,
				FBDF6B99042A6BD801F955DB,
				FBDF6B9A042A6BD801F955DB,
				FBDF6B9B042A6BD801F955DB,
				FBDF6B9C042A6BD801F955DB,
				FBDF6B9D042A6BD801F955DB,
				F64B59D405ED49B600FE8ACB,
				F64B59FA05ED4AA800FE8ACB,
				F64B5A1705ED4AF000FE8ACB,
			);
			isa = PBXGroup;
			name = website;
			refType = 4;
			sourceTree = "<group>";
		};
		FBDF6B8F042A6BD801F955DB = {
			fileEncoding = 30;
			isa = PBXFileReference;
			lastKnownFileType = text.html.other;
			name = history.shtml;
			path = website/history.shtml;
			refType = 4;
			sourceTree = "<group>";
		};
		FBDF6B90042A6BD801F955DB = {
			fileEncoding = 30;
			isa = PBXFileReference;
			lastKnownFileType = text.html.other;
			name = index.shtml;
			path = website/index.shtml;
			refType = 4;
			sourceTree = "<group>";
		};
		FBDF6B91042A6BD801F955DB = {
			fileEncoding = 30;
			isa = PBXFileReference;
			lastKnownFileType = text.html.other;
			name = install.shtml;
			path = website/install.shtml;
			refType = 4;
			sourceTree = "<group>";
		};
		FBDF6B92042A6BD801F955DB = {
			isa = PBXFileReference;
			lastKnownFileType = image.gif;
			name = iTerm_icon.gif;
			path = website/iTerm_icon.gif;
			refType = 4;
			sourceTree = "<group>";
		};
		FBDF6B93042A6BD801F955DB = {
			isa = PBXFileReference;
			lastKnownFileType = image.png;
			name = iTerm.png;
			path = website/iTerm.png;
			refType = 4;
			sourceTree = "<group>";
		};
		FBDF6B94042A6BD801F955DB = {
			fileEncoding = 30;
			isa = PBXFileReference;
			lastKnownFileType = text.html.other;
			name = misc.shtml;
			path = website/misc.shtml;
			refType = 4;
			sourceTree = "<group>";
		};
		FBDF6B95042A6BD801F955DB = {
			fileEncoding = 30;
			isa = PBXFileReference;
			lastKnownFileType = text.html.other;
			name = navigation.shtml;
			path = website/navigation.shtml;
			refType = 4;
			sourceTree = "<group>";
		};
		FBDF6B96042A6BD801F955DB = {
			isa = PBXFileReference;
			lastKnownFileType = image.gif;
			name = new.gif;
			path = website/new.gif;
			refType = 4;
			sourceTree = "<group>";
		};
		FBDF6B97042A6BD801F955DB = {
			fileEncoding = 30;
			isa = PBXFileReference;
			lastKnownFileType = text.html.other;
			name = preferences.shtml;
			path = website/preferences.shtml;
			refType = 4;
			sourceTree = "<group>";
		};
		FBDF6B98042A6BD801F955DB = {
			fileEncoding = 30;
			isa = PBXFileReference;
			lastKnownFileType = text.html.other;
			name = resource.shtml;
			path = website/resource.shtml;
			refType = 4;
			sourceTree = "<group>";
		};
		FBDF6B99042A6BD801F955DB = {
			isa = PBXFileReference;
			lastKnownFileType = image.jpeg;
			name = "screenshot-mini.jpg";
			path = "website/screenshot-mini.jpg";
			refType = 4;
			sourceTree = "<group>";
		};
		FBDF6B9A042A6BD801F955DB = {
			isa = PBXFileReference;
			lastKnownFileType = image.jpeg;
			name = screenshot.jpg;
			path = website/screenshot.jpg;
			refType = 4;
			sourceTree = "<group>";
		};
		FBDF6B9B042A6BD801F955DB = {
			fileEncoding = 30;
			isa = PBXFileReference;
			lastKnownFileType = text.html.other;
			name = scripting.shtml;
			path = website/scripting.shtml;
			refType = 4;
			sourceTree = "<group>";
		};
		FBDF6B9C042A6BD801F955DB = {
			isa = PBXFileReference;
			lastKnownFileType = text;
			name = styles.css;
			path = website/styles.css;
			refType = 4;
			sourceTree = "<group>";
		};
		FBDF6B9D042A6BD801F955DB = {
			fallbackIsa = PBXFileReference;
			fileEncoding = 30;
			isa = PBXExecutableFileReference;
			lastKnownFileType = text.script.sh;
			name = upload.sh;
			path = website/upload.sh;
			refType = 4;
			sourceTree = "<group>";
		};
	};
	rootObject = 0464AB0C006CD2EC7F000001;
}
