// !$*UTF8*$!
{
	archiveVersion = 1;
	classes = {
	};
	objectVersion = 38;
	objects = {
		0464AB0C006CD2EC7F000001 = {
			buildStyles = (
				05A162CE006CD5FC7F000001,
				05A162CF006CD5FC7F000001,
			);
			hasScannedForEncodings = 1;
			isa = PBXProject;
			knownRegions = (
				English,
				Japanese,
				French,
				German,
				Chinese,
				zh_CN,
				zh_TW,
				Korean,
			);
			mainGroup = 0464AB0D006CD2EC7F000001;
			productRefGroup = 0464AB32006CD2EC7F000001;
			projectDirPath = "";
			targets = (
				0464AB34006CD2EC7F000001,
				DD1E48A004314F1D00A8A065,
			);
		};
		0464AB0D006CD2EC7F000001 = {
			children = (
				0464AB0E006CD2EC7F000001,
				0464AB15006CD2EC7F000001,
				0464AB1F006CD2EC7F000001,
				0464AB22006CD2EC7F000001,
				0464AB27006CD2EC7F000001,
				0464AB2E006CD2EC7F000001,
				8750B974046717F40073D10E,
				0464AB32006CD2EC7F000001,
			);
			isa = PBXGroup;
			name = JTerminal;
			refType = 4;
		};
		0464AB0E006CD2EC7F000001 = {
			children = (
				87D5C490043229390073D10E,
				DD4BAB7C0470C44C00A8A065,
				FBD0AD0A0337A5B701F955DB,
				E8CF755F026DDA6303A80106,
				E8CF7561026DDA6303A80106,
				E8CF7560026DDA6303A80106,
				E8CF7562026DDA6303A80106,
				E8CF7563026DDA6303A80106,
				E8A66F030272453F03A80106,
				E8E901A202743CA303A80106,
				FB019DE103670C6501F955DB,
				F52ED8DD037F0A7D01A8A066,
				F5E533B403B2959201A8A066,
				F5E533B303B2959201A8A066,
				F56B230B03A1B36701A8A066,
				DD12B4D70491DAA000A8A065,
				8793A10204992C7D0073D10E,
				DDA86B9E048EFCF500A8A065,
			);
			isa = PBXGroup;
			name = Classes;
			refType = 4;
		};
		0464AB15006CD2EC7F000001 = {
			children = (
				87D5C48F043229390073D10E,
				DD4BAB7B0470C44C00A8A065,
				FB8D9E6503D6136101F955DB,
				DD6ACB000410746C00A8A065,
				FB019DE203670C6501F955DB,
				E8CF7565026DDA6303A80106,
				E8CF7566026DDA6303A80106,
				E8CF7568026DDA6303A80106,
				F5E533B203B2959201A8A066,
				F5E533B503B2959201A8A066,
				E8CF7567026DDA6303A80106,
				F52ED8DC037F0A7D01A8A066,
				F56B230A03A1B36701A8A066,
				E8CF7569026DDA6303A80106,
				E8CF756A026DDA6303A80106,
				E8A66F040272453F03A80106,
				E8E901A302743CA303A80106,
				DD12B4D60491DAA000A8A065,
				8793A10104992C7D0073D10E,
				DDA86B9C048EFCEA00A8A065,
			);
			isa = PBXGroup;
			name = Headers;
			refType = 4;
		};
		0464AB1F006CD2EC7F000001 = {
			children = (
				E8CF757F026DDAD703A80106,
			);
			isa = PBXGroup;
			name = "Other Sources";
			refType = 4;
		};
		0464AB22006CD2EC7F000001 = {
			children = (
				E813FB7D0297522703A80106,
				E813FB86029754BB03A80106,
				87D5C471043227820073D10E,
				870EAAB504325A880073D10E,
				870BCD83047070AC0073D10E,
				E8EDCE69015E0A5703000001,
				FBBB8B60039FC04E01F955DB,
				FB094A14033D58AE01F955DB,
				FB094A16033D58B601F955DB,
				FB754C5F036EFC5301F955DB,
				FB47BCC403686CAC01F955DB,
				FBB2EBCD040AC7C201F955DB,
				DD6ACB0204112FB700A8A065,
				DD6ACB0304112FB700A8A065,
				FB094A18033D58BD01F955DB,
				FB896717038D935801F955DB,
				DD48F1C703EBB1C400A8A065,
				DD48F1CC03EBB20500A8A065,
				FB151F2903648AC401F955DB,
			);
			isa = PBXGroup;
			name = Interfaces;
			refType = 4;
		};
		0464AB27006CD2EC7F000001 = {
			children = (
				FBDF6B63042A6B3101F955DB,
				F500A65D0395269C01A8A066,
				DD8CF2DD03CDD34B00A8A065,
			);
			isa = PBXGroup;
			name = "Supporting Files";
			refType = 4;
		};
		0464AB2E006CD2EC7F000001 = {
			children = (
				0464AB2F006CD2EC7F000001,
				0464AB30006CD2EC7F000001,
				E8CE8A890297AE0403A80106,
			);
			isa = PBXGroup;
			name = "External Frameworks and Libraries";
			refType = 4;
		};
		0464AB2F006CD2EC7F000001 = {
			isa = PBXFrameworkReference;
			name = AppKit.framework;
			path = /System/Library/Frameworks/AppKit.framework;
			refType = 0;
		};
		0464AB30006CD2EC7F000001 = {
			isa = PBXFrameworkReference;
			name = Foundation.framework;
			path = /System/Library/Frameworks/Foundation.framework;
			refType = 0;
		};
		0464AB32006CD2EC7F000001 = {
			children = (
				0464AB33006CD2EC7F000001,
				DD1E48A104314F1D00A8A065,
			);
			isa = PBXGroup;
			name = Products;
			refType = 4;
		};
		0464AB33006CD2EC7F000001 = {
			isa = PBXApplicationReference;
			path = iTerm.app;
			refType = 3;
		};
		0464AB34006CD2EC7F000001 = {
			buildPhases = (
				0464AB35006CD2EC7F000001,
				0464AB3F006CD2EC7F000001,
				0464AB42006CD2EC7F000001,
				0464AB4B006CD2EC7F000001,
				0464AB4E006CD2EC7F000001,
				DD1E48DF0432063D00A8A065,
			);
			buildSettings = {
				DEBUGGING_SYMBOLS = NO;
				OPTIMIZATION_CFLAGS = "-O3";
				OTHER_LDFLAGS = "";
				OTHER_REZFLAGS = "";
				PRODUCT_NAME = iTerm;
				REZ_EXECUTABLE = YES;
				SECTORDER_FLAGS = "";
				WARNING_CFLAGS = "-Wall -Wmost -Wno-four-char-constants -Wno-unknown-pragmas";
				WRAPPER_EXTENSION = app;
			};
			dependencies = (
				DD1E48DE043153AC00A8A065,
			);
			isa = PBXApplicationTarget;
			name = iTerm;
			productName = "JTerminal (Application)";
			productReference = 0464AB33006CD2EC7F000001;
			productSettingsXML = "<?xml version=\"1.0\" encoding=\"UTF-8\"?>
<!DOCTYPE plist PUBLIC \"-//Apple Computer//DTD PLIST 1.0//EN\" \"http://www.apple.com/DTDs/PropertyList-1.0.dtd\">
<plist version=\"1.0\">
<dict>
	<key>CFBundleDevelopmentRegion</key>
	<string>English</string>
	<key>CFBundleExecutable</key>
	<string>iTerm</string>
	<key>CFBundleGetInfoString</key>
	<string>0.7.5</string>
	<key>CFBundleHelpBookFolder</key>
	<string>iTerm Help</string>
	<key>CFBundleHelpBookName</key>
	<string>iTerm Help</string>
	<key>CFBundleIconFile</key>
	<string>iTerm.icns</string>
	<key>CFBundleIdentifier</key>
	<string>iTerm</string>
	<key>CFBundleInfoDictionaryVersion</key>
	<string>6.0</string>
	<key>CFBundleName</key>
	<string>iTerm</string>
	<key>CFBundlePackageType</key>
	<string>APPL</string>
	<key>CFBundleShortVersionString</key>
	<string>0.7.5</string>
	<key>CFBundleSignature</key>
	<string>ITRM</string>
	<key>CFBundleVersion</key>
	<string>0.7.5</string>
	<key>NSAppleScriptEnabled</key>
	<string>YES</string>
	<key>NSExtensions</key>
	<dict/>
	<key>NSMainNibFile</key>
	<string>MainMenu</string>
	<key>NSPrincipalClass</key>
	<string>NSApplication</string>
</dict>
</plist>
";
		};
		0464AB35006CD2EC7F000001 = {
			buildActionMask = 2147483647;
			files = (
			);
			isa = PBXHeadersBuildPhase;
			runOnlyForDeploymentPostprocessing = 0;
		};
		0464AB3F006CD2EC7F000001 = {
			buildActionMask = 2147483647;
			files = (
				E813FB7F0297522703A80106,
				DD8CF2EE03CDD34C00A8A065,
				DD1E48DC0431521800A8A065,
				DD1E48ED043208E700A8A065,
				DD1E48EE043208E800A8A065,
				DD1E48EF043208E900A8A065,
				DD1E48F0043208E900A8A065,
				DD1E48F1043208EB00A8A065,
				DD1E48F2043208EB00A8A065,
				DD1E48F3043208EC00A8A065,
				DD1E48F4043208ED00A8A065,
				DD1E48F5043208ED00A8A065,
				DD1E48F6043208EE00A8A065,
			);
			isa = PBXResourcesBuildPhase;
			runOnlyForDeploymentPostprocessing = 0;
		};
		0464AB42006CD2EC7F000001 = {
			buildActionMask = 2147483647;
			files = (
				E8CF7580026DDAD703A80106,
			);
			isa = PBXSourcesBuildPhase;
			runOnlyForDeploymentPostprocessing = 0;
		};
		0464AB4B006CD2EC7F000001 = {
			buildActionMask = 2147483647;
			files = (
				DD1E48D0043150F100A8A065,
				DD1E48D90431517D00A8A065,
				DD1E48DA0431517E00A8A065,
				DD1E48DB0431517F00A8A065,
			);
			isa = PBXFrameworksBuildPhase;
			runOnlyForDeploymentPostprocessing = 0;
		};
		0464AB4E006CD2EC7F000001 = {
			buildActionMask = 2147483647;
			files = (
			);
			isa = PBXRezBuildPhase;
			runOnlyForDeploymentPostprocessing = 0;
		};
//040
//041
//042
//043
//044
//050
//051
//052
//053
//054
		05A162CE006CD5FC7F000001 = {
			buildRules = (
			);
			buildSettings = {
				COPY_PHASE_STRIP = NO;
			};
			isa = PBXBuildStyle;
			name = Development;
		};
		05A162CF006CD5FC7F000001 = {
			buildRules = (
			);
			buildSettings = {
				COPY_PHASE_STRIP = YES;
			};
			isa = PBXBuildStyle;
			name = Deployment;
		};
//050
//051
//052
//053
//054
//870
//871
//872
//873
//874
		870BCD83047070AC0073D10E = {
			children = (
				870BCD84047070AC0073D10E,
				870BCD86047071180073D10E,
				870BCD87047071260073D10E,
				870BCD88047071320073D10E,
				870BCD890470713F0073D10E,
				870BCD8A0470714A0073D10E,
			);
			isa = PBXVariantGroup;
			name = FindPanel.nib;
			path = "";
			refType = 4;
		};
		870BCD84047070AC0073D10E = {
			isa = PBXFileReference;
			name = English;
			path = English.lproj/FindPanel.nib;
			refType = 4;
		};
		870BCD85047070AC0073D10E = {
			fileRef = 870BCD83047070AC0073D10E;
			isa = PBXBuildFile;
			settings = {
			};
		};
		870BCD86047071180073D10E = {
			isa = PBXFileReference;
			name = French;
			path = French.lproj/FindPanel.nib;
			refType = 4;
		};
		870BCD87047071260073D10E = {
			isa = PBXFileReference;
			name = Japanese;
			path = Japanese.lproj/FindPanel.nib;
			refType = 4;
		};
		870BCD88047071320073D10E = {
			isa = PBXFileReference;
			name = Korean;
			path = Korean.lproj/FindPanel.nib;
			refType = 4;
		};
		870BCD890470713F0073D10E = {
			isa = PBXFileReference;
			name = zh_CN;
			path = zh_CN.lproj/FindPanel.nib;
			refType = 4;
		};
		870BCD8A0470714A0073D10E = {
			isa = PBXFileReference;
			name = zh_TW;
			path = zh_TW.lproj/FindPanel.nib;
			refType = 4;
		};
		870EAAB504325A880073D10E = {
			children = (
				870EAAB604325A880073D10E,
				876DBBC1043277AF0073D10E,
				876DBBC304327CC90073D10E,
				876DBBC5043281250073D10E,
				876DBBC7043284990073D10E,
				87898DDF0444F93C0073D10E,
			);
			isa = PBXVariantGroup;
			name = PreferencePanel.nib;
			path = "";
			refType = 4;
		};
		870EAAB604325A880073D10E = {
			isa = PBXFileReference;
			name = English;
			path = English.lproj/PreferencePanel.nib;
			refType = 4;
		};
		870EAAB704325A880073D10E = {
			fileRef = 870EAAB504325A880073D10E;
			isa = PBXBuildFile;
			settings = {
			};
		};
		8750B974046717F40073D10E = {
			children = (
				8750B975046717F40073D10E,
				8750B976046717F40073D10E,
				8750B977046717F40073D10E,
				8750B978046717F40073D10E,
			);
			isa = PBXGroup;
			path = Fonts;
			refType = 4;
		};
		8750B975046717F40073D10E = {
			isa = PBXFileReference;
			path = FreeMono.ttf;
			refType = 4;
		};
		8750B976046717F40073D10E = {
			isa = PBXFileReference;
			path = FreeMonoBold.ttf;
			refType = 4;
		};
		8750B977046717F40073D10E = {
			isa = PBXFileReference;
			path = FreeMonoBoldOblique.ttf;
			refType = 4;
		};
		8750B978046717F40073D10E = {
			isa = PBXFileReference;
			path = FreeMonoOblique.ttf;
			refType = 4;
		};
		876DBBC1043277AF0073D10E = {
			isa = PBXFileReference;
			name = zh_CN;
			path = zh_CN.lproj/PreferencePanel.nib;
			refType = 4;
		};
		876DBBC204327A170073D10E = {
			isa = PBXFileReference;
			name = zh_CN;
			path = zh_CN.lproj/AddressBook.nib;
			refType = 4;
		};
		876DBBC304327CC90073D10E = {
			isa = PBXFileReference;
			name = zh_TW;
			path = zh_TW.lproj/PreferencePanel.nib;
			refType = 4;
		};
		876DBBC404327E9D0073D10E = {
			isa = PBXFileReference;
			name = zh_TW;
			path = zh_TW.lproj/AddressBook.nib;
			refType = 4;
		};
		876DBBC5043281250073D10E = {
			isa = PBXFileReference;
			name = Japanese;
			path = Japanese.lproj/PreferencePanel.nib;
			refType = 4;
		};
		876DBBC6043282C80073D10E = {
			isa = PBXFileReference;
			name = Japanese;
			path = Japanese.lproj/AddressBook.nib;
			refType = 4;
		};
		876DBBC7043284990073D10E = {
			isa = PBXFileReference;
			name = Korean;
			path = Korean.lproj/PreferencePanel.nib;
			refType = 4;
		};
		876DBBC80432860A0073D10E = {
			isa = PBXFileReference;
			name = Korean;
			path = Korean.lproj/AddressBook.nib;
			refType = 4;
		};
		87898DDD0444F9070073D10E = {
			isa = PBXFileReference;
			name = French;
			path = French.lproj/MainMenu.nib;
			refType = 4;
		};
		87898DDE0444F92A0073D10E = {
			isa = PBXFileReference;
			name = French;
			path = French.lproj/AddressBook.nib;
			refType = 4;
		};
		87898DDF0444F93C0073D10E = {
			isa = PBXFileReference;
			name = French;
			path = French.lproj/PreferencePanel.nib;
			refType = 4;
		};
		87898DE00444F94E0073D10E = {
			isa = PBXFileReference;
			name = French;
			path = French.lproj/PseudoTerminal.nib;
			refType = 4;
		};
		8793A10104992C7D0073D10E = {
			fileEncoding = 4;
			isa = PBXFileReference;
			path = VT100TextStorage.h;
			refType = 4;
		};
		8793A10204992C7D0073D10E = {
			fileEncoding = 4;
			isa = PBXFileReference;
			path = VT100TextStorage.m;
			refType = 4;
		};
		8793A10304992C7D0073D10E = {
			fileRef = 8793A10104992C7D0073D10E;
			isa = PBXBuildFile;
			settings = {
			};
		};
		8793A10404992C7D0073D10E = {
			fileRef = 8793A10204992C7D0073D10E;
			isa = PBXBuildFile;
			settings = {
			};
		};
		87D5C471043227820073D10E = {
			children = (
				87D5C472043227820073D10E,
				876DBBC204327A170073D10E,
				876DBBC404327E9D0073D10E,
				876DBBC6043282C80073D10E,
				876DBBC80432860A0073D10E,
				87898DDE0444F92A0073D10E,
			);
			isa = PBXVariantGroup;
			name = AddressBook.nib;
			path = "";
			refType = 4;
		};
		87D5C472043227820073D10E = {
			isa = PBXFileReference;
			name = English;
			path = English.lproj/AddressBook.nib;
			refType = 4;
		};
		87D5C473043227820073D10E = {
			fileRef = 87D5C471043227820073D10E;
			isa = PBXBuildFile;
			settings = {
			};
		};
		87D5C48F043229390073D10E = {
			fileEncoding = 4;
			isa = PBXFileReference;
			path = AddressBookWindowController.h;
			refType = 4;
		};
		87D5C490043229390073D10E = {
			fileEncoding = 4;
			isa = PBXFileReference;
			path = AddressBookWindowController.m;
			refType = 4;
		};
		87D5C491043229390073D10E = {
			fileRef = 87D5C48F043229390073D10E;
			isa = PBXBuildFile;
			settings = {
			};
		};
		87D5C492043229390073D10E = {
			fileRef = 87D5C490043229390073D10E;
			isa = PBXBuildFile;
			settings = {
			};
		};
//870
//871
//872
//873
//874
//DD0
//DD1
//DD2
//DD3
//DD4
		DD12B4D60491DAA000A8A065 = {
			fileEncoding = 4;
			isa = PBXFileReference;
			path = VT100LayoutManager.h;
			refType = 4;
		};
		DD12B4D70491DAA000A8A065 = {
			fileEncoding = 4;
			isa = PBXFileReference;
			path = VT100LayoutManager.m;
			refType = 4;
		};
		DD12B4D80491DAA000A8A065 = {
			fileRef = DD12B4D60491DAA000A8A065;
			isa = PBXBuildFile;
			settings = {
			};
		};
		DD12B4D90491DAA000A8A065 = {
			fileRef = DD12B4D70491DAA000A8A065;
			isa = PBXBuildFile;
			settings = {
			};
		};
		DD1E489B04314F1D00A8A065 = {
			buildActionMask = 2147483647;
			files = (
				DD1E48B00431502800A8A065,
				DD1E48B10431502900A8A065,
				DD1E48B30431502A00A8A065,
				DD1E48B40431502B00A8A065,
				DD1E48B50431502C00A8A065,
				DD1E48B60431502C00A8A065,
				DD1E48B70431502D00A8A065,
				DD1E48B80431502E00A8A065,
				DD1E48B90431503000A8A065,
				DD1E48BA0431503300A8A065,
				DD1E48BB0431503400A8A065,
				DD1E48BC0431503500A8A065,
				DD1E48BD0431503700A8A065,
				DD1E48BE0431503800A8A065,
				DD1E48BF0431503900A8A065,
				87D5C491043229390073D10E,
				DD4BAB7D0470C44C00A8A065,
				DDA86B9D048EFCEA00A8A065,
				DD12B4D80491DAA000A8A065,
				8793A10304992C7D0073D10E,
			);
			isa = PBXHeadersBuildPhase;
			runOnlyForDeploymentPostprocessing = 0;
		};
		DD1E489C04314F1D00A8A065 = {
			buildActionMask = 2147483647;
			files = (
				DD1E48C10431505F00A8A065,
				DD1E48C30431506100A8A065,
				DD1E48C40431506300A8A065,
				DD1E48C50431507100A8A065,
				DD1E48C60431507100A8A065,
				DD1E48C70431507200A8A065,
				DD1E48C80431507300A8A065,
				DD1E48C90431507300A8A065,
				DD1E48CA0431507400A8A065,
				DD1E48CB0431507500A8A065,
				DD1E48CC0431507700A8A065,
				DD1E48CD0431507700A8A065,
				DD1E48CE0431507D00A8A065,
				DD1E48DD0431527900A8A065,
				87D5C473043227820073D10E,
				870EAAB704325A880073D10E,
				870BCD85047070AC0073D10E,
			);
			isa = PBXResourcesBuildPhase;
			runOnlyForDeploymentPostprocessing = 0;
		};
		DD1E489D04314F1D00A8A065 = {
			buildActionMask = 2147483647;
			files = (
				DD1E48A20431501200A8A065,
				DD1E48A40431501400A8A065,
				DD1E48A50431501400A8A065,
				DD1E48A60431501500A8A065,
				DD1E48A70431501600A8A065,
				DD1E48A80431501700A8A065,
				DD1E48A90431501800A8A065,
				DD1E48AA0431501800A8A065,
				DD1E48AB0431501900A8A065,
				DD1E48AC0431501A00A8A065,
				DD1E48AD0431501B00A8A065,
				DD1E48AE0431501C00A8A065,
				DD1E48AF0431501C00A8A065,
				87D5C492043229390073D10E,
				DD4BAB7E0470C44C00A8A065,
				DDA86B9F048EFCF500A8A065,
				DD12B4D90491DAA000A8A065,
				8793A10404992C7D0073D10E,
			);
			isa = PBXSourcesBuildPhase;
			runOnlyForDeploymentPostprocessing = 0;
		};
		DD1E489E04314F1D00A8A065 = {
			buildActionMask = 2147483647;
			files = (
				DD1E48D60431515D00A8A065,
				DD1E48D70431515D00A8A065,
				DD1E48D80431515E00A8A065,
			);
			isa = PBXFrameworksBuildPhase;
			runOnlyForDeploymentPostprocessing = 0;
		};
		DD1E489F04314F1D00A8A065 = {
			buildActionMask = 2147483647;
			files = (
			);
			isa = PBXRezBuildPhase;
			runOnlyForDeploymentPostprocessing = 0;
		};
		DD1E48A004314F1D00A8A065 = {
			buildPhases = (
				DD1E489B04314F1D00A8A065,
				DD1E489C04314F1D00A8A065,
				DD1E489D04314F1D00A8A065,
				DD1E489E04314F1D00A8A065,
				DD1E489F04314F1D00A8A065,
				DDBE32D10467596A00A8A065,
			);
			buildSettings = {
				DEBUGGING_SYMBOLS = NO;
				DYLIB_COMPATIBILITY_VERSION = 1;
				DYLIB_CURRENT_VERSION = 1;
				FRAMEWORK_VERSION = A;
				INSTALL_PATH = "@executable_path/../Frameworks";
				JAVA_COMPILER_DEBUGGING_SYMBOLS = NO;
				OPTIMIZATION_CFLAGS = "-O3";
				OTHER_CFLAGS = "";
				OTHER_LDFLAGS = "-seg1addr 0x14000000";
				OTHER_LIBTOOL_FLAGS = "";
				OTHER_REZFLAGS = "";
				PRINCIPAL_CLASS = "";
				PRODUCT_NAME = iTerm;
				SECTORDER_FLAGS = "";
				WARNING_CFLAGS = "-Wmost -Wno-four-char-constants -Wno-unknown-pragmas";
				WRAPPER_EXTENSION = framework;
			};
			dependencies = (
			);
			isa = PBXFrameworkTarget;
			name = "iTerm Framework";
			productInstallPath = "@executable_path/../Frameworks";
			productName = "iTerm Framework";
			productReference = DD1E48A104314F1D00A8A065;
			productSettingsXML = "<?xml version=\"1.0\" encoding=\"UTF-8\"?>
<!DOCTYPE plist PUBLIC \"-//Apple Computer//DTD PLIST 1.0//EN\" \"http://www.apple.com/DTDs/PropertyList-1.0.dtd\">
<plist version=\"1.0\">
<dict>
	<key>CFBundleDevelopmentRegion</key>
	<string>English</string>
	<key>CFBundleExecutable</key>
	<string>iTerm</string>
	<key>CFBundleGetInfoString</key>
	<string></string>
	<key>CFBundleIconFile</key>
	<string></string>
	<key>CFBundleIdentifier</key>
	<string></string>
	<key>CFBundleInfoDictionaryVersion</key>
	<string>6.0</string>
	<key>CFBundleName</key>
	<string>iTerm Framework</string>
	<key>CFBundlePackageType</key>
	<string>FMWK</string>
	<key>CFBundleShortVersionString</key>
	<string>0.7.5</string>
	<key>CFBundleSignature</key>
	<string>ITRM</string>
	<key>CFBundleVersion</key>
	<string>0.7.5</string>
</dict>
</plist>
";
		};
		DD1E48A104314F1D00A8A065 = {
			isa = PBXFrameworkReference;
			path = iTerm.framework;
			refType = 3;
		};
		DD1E48A20431501200A8A065 = {
			fileRef = FBD0AD0A0337A5B701F955DB;
			isa = PBXBuildFile;
			settings = {
			};
		};
		DD1E48A40431501400A8A065 = {
			fileRef = E8CF755F026DDA6303A80106;
			isa = PBXBuildFile;
			settings = {
			};
		};
		DD1E48A50431501400A8A065 = {
			fileRef = E8CF7561026DDA6303A80106;
			isa = PBXBuildFile;
			settings = {
			};
		};
		DD1E48A60431501500A8A065 = {
			fileRef = E8CF7560026DDA6303A80106;
			isa = PBXBuildFile;
			settings = {
			};
		};
		DD1E48A70431501600A8A065 = {
			fileRef = E8CF7562026DDA6303A80106;
			isa = PBXBuildFile;
			settings = {
			};
		};
		DD1E48A80431501700A8A065 = {
			fileRef = E8CF7563026DDA6303A80106;
			isa = PBXBuildFile;
			settings = {
			};
		};
		DD1E48A90431501800A8A065 = {
			fileRef = E8A66F030272453F03A80106;
			isa = PBXBuildFile;
			settings = {
			};
		};
		DD1E48AA0431501800A8A065 = {
			fileRef = E8E901A202743CA303A80106;
			isa = PBXBuildFile;
			settings = {
			};
		};
		DD1E48AB0431501900A8A065 = {
			fileRef = FB019DE103670C6501F955DB;
			isa = PBXBuildFile;
			settings = {
			};
		};
		DD1E48AC0431501A00A8A065 = {
			fileRef = F52ED8DD037F0A7D01A8A066;
			isa = PBXBuildFile;
			settings = {
			};
		};
		DD1E48AD0431501B00A8A065 = {
			fileRef = F5E533B403B2959201A8A066;
			isa = PBXBuildFile;
			settings = {
			};
		};
		DD1E48AE0431501C00A8A065 = {
			fileRef = F5E533B303B2959201A8A066;
			isa = PBXBuildFile;
			settings = {
			};
		};
		DD1E48AF0431501C00A8A065 = {
			fileRef = F56B230B03A1B36701A8A066;
			isa = PBXBuildFile;
			settings = {
			};
		};
		DD1E48B00431502800A8A065 = {
			fileRef = FB8D9E6503D6136101F955DB;
			isa = PBXBuildFile;
			settings = {
			};
		};
		DD1E48B10431502900A8A065 = {
			fileRef = DD6ACB000410746C00A8A065;
			isa = PBXBuildFile;
			settings = {
			};
		};
		DD1E48B30431502A00A8A065 = {
			fileRef = FB019DE203670C6501F955DB;
			isa = PBXBuildFile;
			settings = {
			};
		};
		DD1E48B40431502B00A8A065 = {
			fileRef = E8CF7565026DDA6303A80106;
			isa = PBXBuildFile;
			settings = {
			};
		};
		DD1E48B50431502C00A8A065 = {
			fileRef = E8CF7566026DDA6303A80106;
			isa = PBXBuildFile;
			settings = {
			};
		};
		DD1E48B60431502C00A8A065 = {
			fileRef = E8CF7568026DDA6303A80106;
			isa = PBXBuildFile;
			settings = {
			};
		};
		DD1E48B70431502D00A8A065 = {
			fileRef = F5E533B203B2959201A8A066;
			isa = PBXBuildFile;
			settings = {
			};
		};
		DD1E48B80431502E00A8A065 = {
			fileRef = F5E533B503B2959201A8A066;
			isa = PBXBuildFile;
			settings = {
			};
		};
		DD1E48B90431503000A8A065 = {
			fileRef = E8CF7567026DDA6303A80106;
			isa = PBXBuildFile;
			settings = {
			};
		};
		DD1E48BA0431503300A8A065 = {
			fileRef = F52ED8DC037F0A7D01A8A066;
			isa = PBXBuildFile;
			settings = {
			};
		};
		DD1E48BB0431503400A8A065 = {
			fileRef = F56B230A03A1B36701A8A066;
			isa = PBXBuildFile;
			settings = {
			};
		};
		DD1E48BC0431503500A8A065 = {
			fileRef = E8CF7569026DDA6303A80106;
			isa = PBXBuildFile;
			settings = {
			};
		};
		DD1E48BD0431503700A8A065 = {
			fileRef = E8CF756A026DDA6303A80106;
			isa = PBXBuildFile;
			settings = {
			};
		};
		DD1E48BE0431503800A8A065 = {
			fileRef = E8A66F040272453F03A80106;
			isa = PBXBuildFile;
			settings = {
			};
		};
		DD1E48BF0431503900A8A065 = {
			fileRef = E8E901A302743CA303A80106;
			isa = PBXBuildFile;
			settings = {
			};
		};
		DD1E48C10431505F00A8A065 = {
			fileRef = E813FB86029754BB03A80106;
			isa = PBXBuildFile;
			settings = {
			};
		};
		DD1E48C30431506100A8A065 = {
			fileRef = FBBB8B60039FC04E01F955DB;
			isa = PBXBuildFile;
			settings = {
			};
		};
		DD1E48C40431506300A8A065 = {
			fileRef = FB094A14033D58AE01F955DB;
			isa = PBXBuildFile;
			settings = {
			};
		};
		DD1E48C50431507100A8A065 = {
			fileRef = FB094A16033D58B601F955DB;
			isa = PBXBuildFile;
			settings = {
			};
		};
		DD1E48C60431507100A8A065 = {
			fileRef = FB754C5F036EFC5301F955DB;
			isa = PBXBuildFile;
			settings = {
			};
		};
		DD1E48C70431507200A8A065 = {
			fileRef = FB47BCC403686CAC01F955DB;
			isa = PBXBuildFile;
			settings = {
			};
		};
		DD1E48C80431507300A8A065 = {
			fileRef = FBB2EBCD040AC7C201F955DB;
			isa = PBXBuildFile;
			settings = {
			};
		};
		DD1E48C90431507300A8A065 = {
			fileRef = DD6ACB0204112FB700A8A065;
			isa = PBXBuildFile;
			settings = {
			};
		};
		DD1E48CA0431507400A8A065 = {
			fileRef = DD6ACB0304112FB700A8A065;
			isa = PBXBuildFile;
			settings = {
			};
		};
		DD1E48CB0431507500A8A065 = {
			fileRef = FB094A18033D58BD01F955DB;
			isa = PBXBuildFile;
			settings = {
			};
		};
		DD1E48CC0431507700A8A065 = {
			fileRef = FB896717038D935801F955DB;
			isa = PBXBuildFile;
			settings = {
			};
		};
		DD1E48CD0431507700A8A065 = {
			fileRef = DD48F1C703EBB1C400A8A065;
			isa = PBXBuildFile;
			settings = {
			};
		};
		DD1E48CE0431507D00A8A065 = {
			fileRef = DD48F1CC03EBB20500A8A065;
			isa = PBXBuildFile;
			settings = {
			};
		};
		DD1E48D0043150F100A8A065 = {
			fileRef = DD1E48A104314F1D00A8A065;
			isa = PBXBuildFile;
			settings = {
			};
		};
		DD1E48D60431515D00A8A065 = {
			fileRef = 0464AB2F006CD2EC7F000001;
			isa = PBXBuildFile;
			settings = {
			};
		};
		DD1E48D70431515D00A8A065 = {
			fileRef = 0464AB30006CD2EC7F000001;
			isa = PBXBuildFile;
			settings = {
			};
		};
		DD1E48D80431515E00A8A065 = {
			fileRef = E8CE8A890297AE0403A80106;
			isa = PBXBuildFile;
			settings = {
			};
		};
		DD1E48D90431517D00A8A065 = {
			fileRef = E8CE8A890297AE0403A80106;
			isa = PBXBuildFile;
			settings = {
			};
		};
		DD1E48DA0431517E00A8A065 = {
			fileRef = 0464AB30006CD2EC7F000001;
			isa = PBXBuildFile;
			settings = {
			};
		};
		DD1E48DB0431517F00A8A065 = {
			fileRef = 0464AB2F006CD2EC7F000001;
			isa = PBXBuildFile;
			settings = {
			};
		};
		DD1E48DC0431521800A8A065 = {
			fileRef = E8EDCE69015E0A5703000001;
			isa = PBXBuildFile;
			settings = {
			};
		};
		DD1E48DD0431527900A8A065 = {
			fileRef = FB151F2903648AC401F955DB;
			isa = PBXBuildFile;
			settings = {
			};
		};
		DD1E48DE043153AC00A8A065 = {
			isa = PBXTargetDependency;
			target = DD1E48A004314F1D00A8A065;
		};
		DD1E48DF0432063D00A8A065 = {
			buildActionMask = 12;
			dstPath = "";
			dstSubfolderSpec = 10;
			files = (
				DD1E48E9043207EF00A8A065,
			);
			isa = PBXCopyFilesBuildPhase;
			runOnlyForDeploymentPostprocessing = 0;
		};
		DD1E48E9043207EF00A8A065 = {
			fileRef = DD1E48A104314F1D00A8A065;
			isa = PBXBuildFile;
			settings = {
			};
		};
		DD1E48ED043208E700A8A065 = {
			fileRef = FBBB8B60039FC04E01F955DB;
			isa = PBXBuildFile;
			settings = {
			};
		};
		DD1E48EE043208E800A8A065 = {
			fileRef = FB094A14033D58AE01F955DB;
			isa = PBXBuildFile;
			settings = {
			};
		};
		DD1E48EF043208E900A8A065 = {
			fileRef = FB094A16033D58B601F955DB;
			isa = PBXBuildFile;
			settings = {
			};
		};
		DD1E48F0043208E900A8A065 = {
			fileRef = FB754C5F036EFC5301F955DB;
			isa = PBXBuildFile;
			settings = {
			};
		};
		DD1E48F1043208EB00A8A065 = {
			fileRef = FB47BCC403686CAC01F955DB;
			isa = PBXBuildFile;
			settings = {
			};
		};
		DD1E48F2043208EB00A8A065 = {
			fileRef = FBB2EBCD040AC7C201F955DB;
			isa = PBXBuildFile;
			settings = {
			};
		};
		DD1E48F3043208EC00A8A065 = {
			fileRef = DD6ACB0204112FB700A8A065;
			isa = PBXBuildFile;
			settings = {
			};
		};
		DD1E48F4043208ED00A8A065 = {
			fileRef = DD6ACB0304112FB700A8A065;
			isa = PBXBuildFile;
			settings = {
			};
		};
		DD1E48F5043208ED00A8A065 = {
			fileRef = FB094A18033D58BD01F955DB;
			isa = PBXBuildFile;
			settings = {
			};
		};
		DD1E48F6043208EE00A8A065 = {
			fileRef = FB896717038D935801F955DB;
			isa = PBXBuildFile;
			settings = {
			};
		};
		DD48F1C703EBB1C400A8A065 = {
			isa = PBXFileReference;
			path = iTerm.scriptSuite;
			refType = 4;
		};
		DD48F1CC03EBB20500A8A065 = {
			children = (
				DD48F1CD03EBB20500A8A065,
			);
			isa = PBXVariantGroup;
			name = iTerm.scriptTerminology;
			path = "";
			refType = 4;
		};
		DD48F1CD03EBB20500A8A065 = {
			isa = PBXFileReference;
			name = English;
			path = English.lproj/iTerm.scriptTerminology;
			refType = 4;
		};
		DD4BAB7B0470C44C00A8A065 = {
			fileEncoding = 4;
			isa = PBXFileReference;
			path = FindPanelWindowController.h;
			refType = 4;
		};
		DD4BAB7C0470C44C00A8A065 = {
			fileEncoding = 4;
			isa = PBXFileReference;
			path = FindPanelWindowController.m;
			refType = 4;
		};
		DD4BAB7D0470C44C00A8A065 = {
			fileRef = DD4BAB7B0470C44C00A8A065;
			isa = PBXBuildFile;
			settings = {
			};
		};
		DD4BAB7E0470C44C00A8A065 = {
			fileRef = DD4BAB7C0470C44C00A8A065;
			isa = PBXBuildFile;
			settings = {
			};
		};
		DD6ACB000410746C00A8A065 = {
			fileEncoding = 4;
			isa = PBXFileReference;
			path = iTerm.h;
			refType = 4;
		};
		DD6ACB0204112FB700A8A065 = {
			isa = PBXFileReference;
			name = important_l.png;
			path = images/important_l.png;
			refType = 4;
		};
		DD6ACB0304112FB700A8A065 = {
			isa = PBXFileReference;
			name = important_r.png;
			path = images/important_r.png;
			refType = 4;
		};
		DD8CF2DD03CDD34B00A8A065 = {
			children = (
				DD8CF2DE03CDD34C00A8A065,
			);
			isa = PBXVariantGroup;
			name = "iTerm Help";
			path = "";
			refType = 4;
		};
		DD8CF2DE03CDD34C00A8A065 = {
			includeInIndex = 1;
			isa = PBXFolderReference;
			name = "iTerm Help";
			path = "English.lproj/iTerm Help";
			refType = 4;
		};
		DD8CF2EE03CDD34C00A8A065 = {
			fileRef = DD8CF2DD03CDD34B00A8A065;
			isa = PBXBuildFile;
			settings = {
			};
		};
		DDA86B9C048EFCEA00A8A065 = {
			fileEncoding = 30;
			isa = PBXFileReference;
			path = VT100Typesetter.h;
			refType = 4;
		};
		DDA86B9D048EFCEA00A8A065 = {
			fileRef = DDA86B9C048EFCEA00A8A065;
			isa = PBXBuildFile;
			settings = {
			};
		};
		DDA86B9E048EFCF500A8A065 = {
			fileEncoding = 30;
			isa = PBXFileReference;
			path = VT100Typesetter.m;
			refType = 4;
		};
		DDA86B9F048EFCF500A8A065 = {
			fileRef = DDA86B9E048EFCF500A8A065;
			isa = PBXBuildFile;
			settings = {
			};
		};
		DDBE32D10467596A00A8A065 = {
			buildActionMask = 2147483647;
			dstPath = Fonts;
			dstSubfolderSpec = 7;
			files = (
				DDBE32D20467597D00A8A065,
				DDBE32D30467597D00A8A065,
				DDBE32D40467597D00A8A065,
				DDBE32D50467597D00A8A065,
			);
			isa = PBXCopyFilesBuildPhase;
			runOnlyForDeploymentPostprocessing = 0;
		};
		DDBE32D20467597D00A8A065 = {
			fileRef = 8750B975046717F40073D10E;
			isa = PBXBuildFile;
			settings = {
			};
		};
		DDBE32D30467597D00A8A065 = {
			fileRef = 8750B976046717F40073D10E;
			isa = PBXBuildFile;
			settings = {
			};
		};
		DDBE32D40467597D00A8A065 = {
			fileRef = 8750B977046717F40073D10E;
			isa = PBXBuildFile;
			settings = {
			};
		};
		DDBE32D50467597D00A8A065 = {
			fileRef = 8750B978046717F40073D10E;
			isa = PBXBuildFile;
			settings = {
			};
		};
		DDF28988047764E300A8A065 = {
			fileEncoding = 30;
			isa = PBXFileReference;
			name = Korean;
			path = Korean.lproj/iTerm.strings;
			refType = 4;
		};
//DD0
//DD1
//DD2
//DD3
//DD4
//E80
//E81
//E82
//E83
//E84
		E813FB7D0297522703A80106 = {
			children = (
				E813FB7E0297522703A80106,
				FBBB8B49039D9E6501F955DB,
				FBBB8B4A039D9E6D01F955DB,
				FB80352E03CA060201F955DB,
				FBDF6A55042795CE01F955DB,
				87898DDD0444F9070073D10E,
			);
			isa = PBXVariantGroup;
			name = MainMenu.nib;
			path = "";
			refType = 4;
		};
		E813FB7E0297522703A80106 = {
			isa = PBXFileReference;
			name = English;
			path = English.lproj/MainMenu.nib;
			refType = 4;
		};
		E813FB7F0297522703A80106 = {
			fileRef = E813FB7D0297522703A80106;
			isa = PBXBuildFile;
			settings = {
			};
		};
		E813FB86029754BB03A80106 = {
			children = (
				E813FB87029754BB03A80106,
				FBBB8B4B039D9E7E01F955DB,
				FBBB8B4C039D9E8501F955DB,
				FB80352F03CA060A01F955DB,
				FBDF6A56042795EB01F955DB,
				87898DE00444F94E0073D10E,
			);
			isa = PBXVariantGroup;
			name = PseudoTerminal.nib;
			path = "";
			refType = 4;
		};
		E813FB87029754BB03A80106 = {
			isa = PBXFileReference;
			name = English;
			path = English.lproj/PseudoTerminal.nib;
			refType = 4;
		};
		E8A66F030272453F03A80106 = {
			fileEncoding = 30;
			isa = PBXFileReference;
			path = MainMenu.m;
			refType = 4;
		};
		E8A66F040272453F03A80106 = {
			fileEncoding = 30;
			isa = PBXFileReference;
			path = MainMenu.h;
			refType = 4;
		};
		E8CE8A890297AE0403A80106 = {
			isa = PBXFrameworkReference;
			name = CoreFoundation.framework;
			path = /System/Library/Frameworks/CoreFoundation.framework;
			refType = 0;
		};
		E8CF755F026DDA6303A80106 = {
			fileEncoding = 30;
			isa = PBXFileReference;
			path = PTYScrollView.m;
			refType = 4;
		};
		E8CF7560026DDA6303A80106 = {
			fileEncoding = 30;
			isa = PBXFileReference;
			path = PTYTask.m;
			refType = 4;
		};
		E8CF7561026DDA6303A80106 = {
			fileEncoding = 30;
			isa = PBXFileReference;
			path = PTYTextView.m;
			refType = 4;
		};
		E8CF7562026DDA6303A80106 = {
			fileEncoding = 30;
			isa = PBXFileReference;
			path = VT100Screen.m;
			refType = 4;
		};
		E8CF7563026DDA6303A80106 = {
			fileEncoding = 30;
			isa = PBXFileReference;
			path = VT100Terminal.m;
			refType = 4;
		};
		E8CF7565026DDA6303A80106 = {
			fileEncoding = 30;
			isa = PBXFileReference;
			path = PseudoTerminal.h;
			refType = 4;
		};
		E8CF7566026DDA6303A80106 = {
			fileEncoding = 30;
			isa = PBXFileReference;
			path = PTYScrollView.h;
			refType = 4;
		};
		E8CF7567026DDA6303A80106 = {
			fileEncoding = 30;
			isa = PBXFileReference;
			path = PTYTask.h;
			refType = 4;
		};
		E8CF7568026DDA6303A80106 = {
			fileEncoding = 30;
			isa = PBXFileReference;
			path = PTYTextView.h;
			refType = 4;
		};
		E8CF7569026DDA6303A80106 = {
			fileEncoding = 30;
			isa = PBXFileReference;
			path = VT100Screen.h;
			refType = 4;
		};
		E8CF756A026DDA6303A80106 = {
			fileEncoding = 30;
			isa = PBXFileReference;
			path = VT100Terminal.h;
			refType = 4;
		};
		E8CF757F026DDAD703A80106 = {
			fileEncoding = 30;
			isa = PBXFileReference;
			path = main.m;
			refType = 4;
		};
		E8CF7580026DDAD703A80106 = {
			fileRef = E8CF757F026DDAD703A80106;
			isa = PBXBuildFile;
			settings = {
			};
		};
		E8E901A202743CA303A80106 = {
			fileEncoding = 30;
			isa = PBXFileReference;
			path = NSStringITerm.m;
			refType = 4;
		};
		E8E901A302743CA303A80106 = {
			fileEncoding = 30;
			isa = PBXFileReference;
			path = NSStringITerm.h;
			refType = 4;
		};
		E8EDCE69015E0A5703000001 = {
			isa = PBXFileReference;
			path = iTerm.icns;
			refType = 4;
		};
//E80
//E81
//E82
//E83
//E84
//F50
//F51
//F52
//F53
//F54
		F500A65D0395269C01A8A066 = {
			fileEncoding = 30;
			isa = PBXFileReference;
			path = Changelog;
			refType = 4;
		};
		F52ED8DC037F0A7D01A8A066 = {
			fileEncoding = 30;
			isa = PBXFileReference;
			path = PTYSession.h;
			refType = 4;
		};
		F52ED8DD037F0A7D01A8A066 = {
			fileEncoding = 30;
			isa = PBXFileReference;
			path = PTYSession.m;
			refType = 4;
		};
		F56B230A03A1B36701A8A066 = {
			fileEncoding = 30;
			isa = PBXFileReference;
			path = PTYWindow.h;
			refType = 4;
		};
		F56B230B03A1B36701A8A066 = {
			fileEncoding = 30;
			isa = PBXFileReference;
			path = PTYWindow.m;
			refType = 4;
		};
		F5E533B203B2959201A8A066 = {
			fileEncoding = 30;
			isa = PBXFileReference;
			path = PTYTabView.h;
			refType = 4;
		};
		F5E533B303B2959201A8A066 = {
			fileEncoding = 30;
			isa = PBXFileReference;
			path = PTYTabViewItem.m;
			refType = 4;
		};
		F5E533B403B2959201A8A066 = {
			fileEncoding = 30;
			isa = PBXFileReference;
			path = PTYTabView.m;
			refType = 4;
		};
		F5E533B503B2959201A8A066 = {
			fileEncoding = 30;
			isa = PBXFileReference;
			path = PTYTabViewItem.h;
			refType = 4;
		};
//F50
//F51
//F52
//F53
//F54
//FB0
//FB1
//FB2
//FB3
//FB4
		FB019DE103670C6501F955DB = {
			fileEncoding = 30;
			isa = PBXFileReference;
			path = PreferencePanel.m;
			refType = 4;
		};
		FB019DE203670C6501F955DB = {
			fileEncoding = 30;
			isa = PBXFileReference;
			path = PreferencePanel.h;
			refType = 4;
		};
		FB01DCDE04433DFB01F955DB = {
			fileEncoding = 30;
			isa = PBXFileReference;
			name = French;
			path = French.lproj/iTerm.strings;
			refType = 4;
		};
		FB094A14033D58AE01F955DB = {
			isa = PBXFileReference;
			name = addressbook.png;
			path = images/addressbook.png;
			refType = 4;
		};
		FB094A16033D58B601F955DB = {
			isa = PBXFileReference;
			name = close.png;
			path = images/close.png;
			refType = 4;
		};
		FB094A18033D58BD01F955DB = {
			isa = PBXFileReference;
			name = new.png;
			path = images/new.png;
			refType = 4;
		};
		FB151F2603648AB401F955DB = {
			fileEncoding = 30;
			isa = PBXFileReference;
			name = iTerm.strings;
			path = English.lproj/iTerm.strings;
			refType = 4;
		};
		FB151F2903648AC401F955DB = {
			children = (
				FB151F2603648AB401F955DB,
				FBBB8B47039D9E1701F955DB,
				FBBB8B48039D9E1F01F955DB,
				FB80353003CA062601F955DB,
				DDF28988047764E300A8A065,
				FB01DCDE04433DFB01F955DB,
			);
			isa = PBXVariantGroup;
			name = iTerm.strings;
			refType = 4;
		};
		FB47BCC403686CAC01F955DB = {
			isa = PBXFileReference;
			name = exec.png;
			path = images/exec.png;
			refType = 4;
		};
		FB754C5F036EFC5301F955DB = {
			isa = PBXFileReference;
			name = config.png;
			path = images/config.png;
			refType = 4;
		};
		FB80352E03CA060201F955DB = {
			isa = PBXFileReference;
			name = Japanese;
			path = Japanese.lproj/MainMenu.nib;
			refType = 4;
		};
		FB80352F03CA060A01F955DB = {
			isa = PBXFileReference;
			name = Japanese;
			path = Japanese.lproj/PseudoTerminal.nib;
			refType = 4;
		};
		FB80353003CA062601F955DB = {
			fileEncoding = 4;
			isa = PBXFileReference;
			name = Japanese;
			path = Japanese.lproj/iTerm.strings;
			refType = 4;
		};
		FB896717038D935801F955DB = {
			isa = PBXFileReference;
			name = newwin.png;
			path = images/newwin.png;
			refType = 4;
		};
		FB8D9E6503D6136101F955DB = {
			fileEncoding = 30;
			isa = PBXFileReference;
			path = charmaps.h;
			refType = 4;
		};
		FBB2EBCD040AC7C201F955DB = {
			isa = PBXFileReference;
			name = important.png;
			path = images/important.png;
			refType = 4;
		};
		FBBB8B47039D9E1701F955DB = {
			fileEncoding = 10;
			isa = PBXFileReference;
			name = zh_CN;
			path = zh_CN.lproj/iTerm.strings;
			refType = 4;
		};
		FBBB8B48039D9E1F01F955DB = {
			fileEncoding = 10;
			isa = PBXFileReference;
			name = zh_TW;
			path = zh_TW.lproj/iTerm.strings;
			refType = 4;
		};
		FBBB8B49039D9E6501F955DB = {
			isa = PBXFileReference;
			name = zh_CN;
			path = zh_CN.lproj/MainMenu.nib;
			refType = 4;
		};
		FBBB8B4A039D9E6D01F955DB = {
			isa = PBXFileReference;
			name = zh_TW;
			path = zh_TW.lproj/MainMenu.nib;
			refType = 4;
		};
		FBBB8B4B039D9E7E01F955DB = {
			isa = PBXFileReference;
			name = zh_CN;
			path = zh_CN.lproj/PseudoTerminal.nib;
			refType = 4;
		};
		FBBB8B4C039D9E8501F955DB = {
			isa = PBXFileReference;
			name = zh_TW;
			path = zh_TW.lproj/PseudoTerminal.nib;
			refType = 4;
		};
		FBBB8B60039FC04E01F955DB = {
			isa = PBXFileReference;
			name = iTerm.png;
			path = images/iTerm.png;
			refType = 4;
		};
		FBD0AD0A0337A5B701F955DB = {
			fileEncoding = 4;
			isa = PBXFileReference;
			path = PseudoTerminal.m;
			refType = 4;
		};
		FBDF6A55042795CE01F955DB = {
			isa = PBXFileReference;
			name = Korean;
			path = Korean.lproj/MainMenu.nib;
			refType = 4;
		};
		FBDF6A56042795EB01F955DB = {
			isa = PBXFileReference;
			name = Korean;
			path = Korean.lproj/PseudoTerminal.nib;
			refType = 4;
		};
		FBDF6B63042A6B3101F955DB = {
			children = (
				FBDF6B8F042A6BD801F955DB,
				FBDF6B90042A6BD801F955DB,
				FBDF6B91042A6BD801F955DB,
				FBDF6B92042A6BD801F955DB,
				FBDF6B93042A6BD801F955DB,
				FBDF6B94042A6BD801F955DB,
				FBDF6B95042A6BD801F955DB,
				FBDF6B96042A6BD801F955DB,
				FBDF6B97042A6BD801F955DB,
				FBDF6B98042A6BD801F955DB,
				FBDF6B99042A6BD801F955DB,
				FBDF6B9A042A6BD801F955DB,
				FBDF6B9B042A6BD801F955DB,
				FBDF6B9C042A6BD801F955DB,
				FBDF6B9D042A6BD801F955DB,
			);
			isa = PBXGroup;
			name = website;
			refType = 4;
		};
		FBDF6B8F042A6BD801F955DB = {
			fileEncoding = 30;
			isa = PBXFileReference;
			name = history.html;
			path = website/history.html;
			refType = 4;
		};
		FBDF6B90042A6BD801F955DB = {
			fileEncoding = 30;
			isa = PBXFileReference;
			name = index.html;
			path = website/index.html;
			refType = 4;
		};
		FBDF6B91042A6BD801F955DB = {
			fileEncoding = 30;
			isa = PBXFileReference;
			name = install.html;
			path = website/install.html;
			refType = 4;
		};
		FBDF6B92042A6BD801F955DB = {
			isa = PBXFileReference;
			name = iTerm_icon.gif;
			path = website/iTerm_icon.gif;
			refType = 4;
		};
		FBDF6B93042A6BD801F955DB = {
			isa = PBXFileReference;
			name = iTerm.png;
			path = website/iTerm.png;
			refType = 4;
		};
		FBDF6B94042A6BD801F955DB = {
			fileEncoding = 30;
			isa = PBXFileReference;
			name = misc.html;
			path = website/misc.html;
			refType = 4;
		};
		FBDF6B95042A6BD801F955DB = {
			fileEncoding = 30;
			isa = PBXFileReference;
			name = navigation.html;
			path = website/navigation.html;
			refType = 4;
		};
		FBDF6B96042A6BD801F955DB = {
			isa = PBXFileReference;
			name = new.gif;
			path = website/new.gif;
			refType = 4;
		};
		FBDF6B97042A6BD801F955DB = {
			fileEncoding = 30;
			isa = PBXFileReference;
			name = preferences.html;
			path = website/preferences.html;
			refType = 4;
		};
		FBDF6B98042A6BD801F955DB = {
			fileEncoding = 30;
			isa = PBXFileReference;
			name = resource.html;
			path = website/resource.html;
			refType = 4;
		};
		FBDF6B99042A6BD801F955DB = {
			isa = PBXFileReference;
			name = "screenshot-mini.jpg";
			path = "website/screenshot-mini.jpg";
			refType = 4;
		};
		FBDF6B9A042A6BD801F955DB = {
			isa = PBXFileReference;
			name = screenshot.jpg;
			path = website/screenshot.jpg;
			refType = 4;
		};
		FBDF6B9B042A6BD801F955DB = {
			fileEncoding = 30;
			isa = PBXFileReference;
			name = scripting.html;
			path = website/scripting.html;
			refType = 4;
		};
		FBDF6B9C042A6BD801F955DB = {
			isa = PBXFileReference;
			name = styles.css;
			path = website/styles.css;
			refType = 4;
		};
		FBDF6B9D042A6BD801F955DB = {
			fileEncoding = 30;
			isa = PBXExecutableFileReference;
			name = upload.sh;
			path = website/upload.sh;
			refType = 4;
		};
	};
	rootObject = 0464AB0C006CD2EC7F000001;
}
